
Microsoft Visual Studio Solution File, Format Version 12.00
# Visual Studio 15
VisualStudioVersion = 15.0.27703.2018
MinimumVisualStudioVersion = 10.0.40219.1
Project("{FAE04EC0-301F-11D3-BF4B-00C04F79EFBC}") = "App2_ListaBrasil.Android", "App2_ListaBrasil\App2_ListaBrasil.Android\App2_ListaBrasil.Android.csproj", "{2F9A56C5-228A-433A-B44D-5232A9F989E2}"
EndProject
Project("{FAE04EC0-301F-11D3-BF4B-00C04F79EFBC}") = "App2_ListaBrasil.iOS", "App2_ListaBrasil\App2_ListaBrasil.iOS\App2_ListaBrasil.iOS.csproj", "{1C39AFBD-9D02-4DFD-A340-BD6E30BAE3E3}"
EndProject
Project("{FAE04EC0-301F-11D3-BF4B-00C04F79EFBC}") = "App2_ListaBrasil.UWP", "App2_ListaBrasil\App2_ListaBrasil.UWP\App2_ListaBrasil.UWP.csproj", "{36658DCC-3987-4351-B8D6-6D7120470EF8}"
EndProject
Project("{FAE04EC0-301F-11D3-BF4B-00C04F79EFBC}") = "App2_ListaBrasil", "App2_ListaBrasil\App2_ListaBrasil\App2_ListaBrasil.csproj", "{FAF380E1-A6E0-4CBF-AB47-74EE37E8158D}"
EndProject
Global
	GlobalSection(SolutionConfigurationPlatforms) = preSolution
		Ad-Hoc|Any CPU = Ad-Hoc|Any CPU
		Ad-Hoc|ARM = Ad-Hoc|ARM
		Ad-Hoc|iPhone = Ad-Hoc|iPhone
		Ad-Hoc|iPhoneSimulator = Ad-Hoc|iPhoneSimulator
		Ad-Hoc|x64 = Ad-Hoc|x64
		Ad-Hoc|x86 = Ad-Hoc|x86
		AppStore|Any CPU = AppStore|Any CPU
		AppStore|ARM = AppStore|ARM
		AppStore|iPhone = AppStore|iPhone
		AppStore|iPhoneSimulator = AppStore|iPhoneSimulator
		AppStore|x64 = AppStore|x64
		AppStore|x86 = AppStore|x86
		Debug|Any CPU = Debug|Any CPU
		Debug|ARM = Debug|ARM
		Debug|iPhone = Debug|iPhone
		Debug|iPhoneSimulator = Debug|iPhoneSimulator
		Debug|x64 = Debug|x64
		Debug|x86 = Debug|x86
		Release|Any CPU = Release|Any CPU
		Release|ARM = Release|ARM
		Release|iPhone = Release|iPhone
		Release|iPhoneSimulator = Release|iPhoneSimulator
		Release|x64 = Release|x64
		Release|x86 = Release|x86
	EndGlobalSection
	GlobalSection(ProjectConfigurationPlatforms) = postSolution
		{2F9A56C5-228A-433A-B44D-5232A9F989E2}.Ad-Hoc|Any CPU.ActiveCfg = Release|Any CPU
		{2F9A56C5-228A-433A-B44D-5232A9F989E2}.Ad-Hoc|Any CPU.Build.0 = Release|Any CPU
		{2F9A56C5-228A-433A-B44D-5232A9F989E2}.Ad-Hoc|Any CPU.Deploy.0 = Release|Any CPU
		{2F9A56C5-228A-433A-B44D-5232A9F989E2}.Ad-Hoc|ARM.ActiveCfg = Release|Any CPU
		{2F9A56C5-228A-433A-B44D-5232A9F989E2}.Ad-Hoc|ARM.Build.0 = Release|Any CPU
		{2F9A56C5-228A-433A-B44D-5232A9F989E2}.Ad-Hoc|ARM.Deploy.0 = Release|Any CPU
		{2F9A56C5-228A-433A-B44D-5232A9F989E2}.Ad-Hoc|iPhone.ActiveCfg = Release|Any CPU
		{2F9A56C5-228A-433A-B44D-5232A9F989E2}.Ad-Hoc|iPhone.Build.0 = Release|Any CPU
		{2F9A56C5-228A-433A-B44D-5232A9F989E2}.Ad-Hoc|iPhone.Deploy.0 = Release|Any CPU
		{2F9A56C5-228A-433A-B44D-5232A9F989E2}.Ad-Hoc|iPhoneSimulator.ActiveCfg = Release|Any CPU
		{2F9A56C5-228A-433A-B44D-5232A9F989E2}.Ad-Hoc|iPhoneSimulator.Build.0 = Release|Any CPU
		{2F9A56C5-228A-433A-B44D-5232A9F989E2}.Ad-Hoc|iPhoneSimulator.Deploy.0 = Release|Any CPU
		{2F9A56C5-228A-433A-B44D-5232A9F989E2}.Ad-Hoc|x64.ActiveCfg = Release|Any CPU
		{2F9A56C5-228A-433A-B44D-5232A9F989E2}.Ad-Hoc|x64.Build.0 = Release|Any CPU
		{2F9A56C5-228A-433A-B44D-5232A9F989E2}.Ad-Hoc|x64.Deploy.0 = Release|Any CPU
		{2F9A56C5-228A-433A-B44D-5232A9F989E2}.Ad-Hoc|x86.ActiveCfg = Release|Any CPU
		{2F9A56C5-228A-433A-B44D-5232A9F989E2}.Ad-Hoc|x86.Build.0 = Release|Any CPU
		{2F9A56C5-228A-433A-B44D-5232A9F989E2}.Ad-Hoc|x86.Deploy.0 = Release|Any CPU
		{2F9A56C5-228A-433A-B44D-5232A9F989E2}.AppStore|Any CPU.ActiveCfg = Release|Any CPU
		{2F9A56C5-228A-433A-B44D-5232A9F989E2}.AppStore|Any CPU.Build.0 = Release|Any CPU
		{2F9A56C5-228A-433A-B44D-5232A9F989E2}.AppStore|Any CPU.Deploy.0 = Release|Any CPU
		{2F9A56C5-228A-433A-B44D-5232A9F989E2}.AppStore|ARM.ActiveCfg = Release|Any CPU
		{2F9A56C5-228A-433A-B44D-5232A9F989E2}.AppStore|ARM.Build.0 = Release|Any CPU
		{2F9A56C5-228A-433A-B44D-5232A9F989E2}.AppStore|ARM.Deploy.0 = Release|Any CPU
		{2F9A56C5-228A-433A-B44D-5232A9F989E2}.AppStore|iPhone.ActiveCfg = Release|Any CPU
		{2F9A56C5-228A-433A-B44D-5232A9F989E2}.AppStore|iPhone.Build.0 = Release|Any CPU
		{2F9A56C5-228A-433A-B44D-5232A9F989E2}.AppStore|iPhone.Deploy.0 = Release|Any CPU
		{2F9A56C5-228A-433A-B44D-5232A9F989E2}.AppStore|iPhoneSimulator.ActiveCfg = Release|Any CPU
		{2F9A56C5-228A-433A-B44D-5232A9F989E2}.AppStore|iPhoneSimulator.Build.0 = Release|Any CPU
		{2F9A56C5-228A-433A-B44D-5232A9F989E2}.AppStore|iPhoneSimulator.Deploy.0 = Release|Any CPU
		{2F9A56C5-228A-433A-B44D-5232A9F989E2}.AppStore|x64.ActiveCfg = Release|Any CPU
		{2F9A56C5-228A-433A-B44D-5232A9F989E2}.AppStore|x64.Build.0 = Release|Any CPU
		{2F9A56C5-228A-433A-B44D-5232A9F989E2}.AppStore|x64.Deploy.0 = Release|Any CPU
		{2F9A56C5-228A-433A-B44D-5232A9F989E2}.AppStore|x86.ActiveCfg = Release|Any CPU
		{2F9A56C5-228A-433A-B44D-5232A9F989E2}.AppStore|x86.Build.0 = Release|Any CPU
		{2F9A56C5-228A-433A-B44D-5232A9F989E2}.AppStore|x86.Deploy.0 = Release|Any CPU
		{2F9A56C5-228A-433A-B44D-5232A9F989E2}.Debug|Any CPU.ActiveCfg = Debug|Any CPU
		{2F9A56C5-228A-433A-B44D-5232A9F989E2}.Debug|Any CPU.Build.0 = Debug|Any CPU
		{2F9A56C5-228A-433A-B44D-5232A9F989E2}.Debug|Any CPU.Deploy.0 = Debug|Any CPU
		{2F9A56C5-228A-433A-B44D-5232A9F989E2}.Debug|ARM.ActiveCfg = Debug|Any CPU
		{2F9A56C5-228A-433A-B44D-5232A9F989E2}.Debug|ARM.Build.0 = Debug|Any CPU
		{2F9A56C5-228A-433A-B44D-5232A9F989E2}.Debug|ARM.Deploy.0 = Debug|Any CPU
		{2F9A56C5-228A-433A-B44D-5232A9F989E2}.Debug|iPhone.ActiveCfg = Debug|Any CPU
		{2F9A56C5-228A-433A-B44D-5232A9F989E2}.Debug|iPhone.Build.0 = Debug|Any CPU
		{2F9A56C5-228A-433A-B44D-5232A9F989E2}.Debug|iPhone.Deploy.0 = Debug|Any CPU
		{2F9A56C5-228A-433A-B44D-5232A9F989E2}.Debug|iPhoneSimulator.ActiveCfg = Debug|Any CPU
		{2F9A56C5-228A-433A-B44D-5232A9F989E2}.Debug|iPhoneSimulator.Build.0 = Debug|Any CPU
		{2F9A56C5-228A-433A-B44D-5232A9F989E2}.Debug|iPhoneSimulator.Deploy.0 = Debug|Any CPU
		{2F9A56C5-228A-433A-B44D-5232A9F989E2}.Debug|x64.ActiveCfg = Debug|Any CPU
		{2F9A56C5-228A-433A-B44D-5232A9F989E2}.Debug|x64.Build.0 = Debug|Any CPU
		{2F9A56C5-228A-433A-B44D-5232A9F989E2}.Debug|x64.Deploy.0 = Debug|Any CPU
		{2F9A56C5-228A-433A-B44D-5232A9F989E2}.Debug|x86.ActiveCfg = Debug|Any CPU
		{2F9A56C5-228A-433A-B44D-5232A9F989E2}.Debug|x86.Build.0 = Debug|Any CPU
		{2F9A56C5-228A-433A-B44D-5232A9F989E2}.Debug|x86.Deploy.0 = Debug|Any CPU
		{2F9A56C5-228A-433A-B44D-5232A9F989E2}.Release|Any CPU.ActiveCfg = Release|Any CPU
		{2F9A56C5-228A-433A-B44D-5232A9F989E2}.Release|Any CPU.Build.0 = Release|Any CPU
		{2F9A56C5-228A-433A-B44D-5232A9F989E2}.Release|Any CPU.Deploy.0 = Release|Any CPU
		{2F9A56C5-228A-433A-B44D-5232A9F989E2}.Release|ARM.ActiveCfg = Release|Any CPU
		{2F9A56C5-228A-433A-B44D-5232A9F989E2}.Release|ARM.Build.0 = Release|Any CPU
		{2F9A56C5-228A-433A-B44D-5232A9F989E2}.Release|ARM.Deploy.0 = Release|Any CPU
		{2F9A56C5-228A-433A-B44D-5232A9F989E2}.Release|iPhone.ActiveCfg = Release|Any CPU
		{2F9A56C5-228A-433A-B44D-5232A9F989E2}.Release|iPhone.Build.0 = Release|Any CPU
		{2F9A56C5-228A-433A-B44D-5232A9F989E2}.Release|iPhone.Deploy.0 = Release|Any CPU
		{2F9A56C5-228A-433A-B44D-5232A9F989E2}.Release|iPhoneSimulator.ActiveCfg = Release|Any CPU
		{2F9A56C5-228A-433A-B44D-5232A9F989E2}.Release|iPhoneSimulator.Build.0 = Release|Any CPU
		{2F9A56C5-228A-433A-B44D-5232A9F989E2}.Release|iPhoneSimulator.Deploy.0 = Release|Any CPU
		{2F9A56C5-228A-433A-B44D-5232A9F989E2}.Release|x64.ActiveCfg = Release|Any CPU
		{2F9A56C5-228A-433A-B44D-5232A9F989E2}.Release|x64.Build.0 = Release|Any CPU
		{2F9A56C5-228A-433A-B44D-5232A9F989E2}.Release|x64.Deploy.0 = Release|Any CPU
		{2F9A56C5-228A-433A-B44D-5232A9F989E2}.Release|x86.ActiveCfg = Release|Any CPU
		{2F9A56C5-228A-433A-B44D-5232A9F989E2}.Release|x86.Build.0 = Release|Any CPU
		{2F9A56C5-228A-433A-B44D-5232A9F989E2}.Release|x86.Deploy.0 = Release|Any CPU
		{1C39AFBD-9D02-4DFD-A340-BD6E30BAE3E3}.Ad-Hoc|Any CPU.ActiveCfg = Ad-Hoc|iPhone
		{1C39AFBD-9D02-4DFD-A340-BD6E30BAE3E3}.Ad-Hoc|Any CPU.Build.0 = Ad-Hoc|iPhone
		{1C39AFBD-9D02-4DFD-A340-BD6E30BAE3E3}.Ad-Hoc|Any CPU.Deploy.0 = Ad-Hoc|iPhone
		{1C39AFBD-9D02-4DFD-A340-BD6E30BAE3E3}.Ad-Hoc|ARM.ActiveCfg = Ad-Hoc|iPhone
		{1C39AFBD-9D02-4DFD-A340-BD6E30BAE3E3}.Ad-Hoc|ARM.Build.0 = Ad-Hoc|iPhone
		{1C39AFBD-9D02-4DFD-A340-BD6E30BAE3E3}.Ad-Hoc|ARM.Deploy.0 = Ad-Hoc|iPhone
		{1C39AFBD-9D02-4DFD-A340-BD6E30BAE3E3}.Ad-Hoc|iPhone.ActiveCfg = Ad-Hoc|iPhone
		{1C39AFBD-9D02-4DFD-A340-BD6E30BAE3E3}.Ad-Hoc|iPhone.Build.0 = Ad-Hoc|iPhone
		{1C39AFBD-9D02-4DFD-A340-BD6E30BAE3E3}.Ad-Hoc|iPhone.Deploy.0 = Ad-Hoc|iPhone
		{1C39AFBD-9D02-4DFD-A340-BD6E30BAE3E3}.Ad-Hoc|iPhoneSimulator.ActiveCfg = Ad-Hoc|iPhoneSimulator
		{1C39AFBD-9D02-4DFD-A340-BD6E30BAE3E3}.Ad-Hoc|iPhoneSimulator.Build.0 = Ad-Hoc|iPhoneSimulator
		{1C39AFBD-9D02-4DFD-A340-BD6E30BAE3E3}.Ad-Hoc|iPhoneSimulator.Deploy.0 = Ad-Hoc|iPhoneSimulator
		{1C39AFBD-9D02-4DFD-A340-BD6E30BAE3E3}.Ad-Hoc|x64.ActiveCfg = Ad-Hoc|iPhone
		{1C39AFBD-9D02-4DFD-A340-BD6E30BAE3E3}.Ad-Hoc|x64.Build.0 = Ad-Hoc|iPhone
		{1C39AFBD-9D02-4DFD-A340-BD6E30BAE3E3}.Ad-Hoc|x64.Deploy.0 = Ad-Hoc|iPhone
		{1C39AFBD-9D02-4DFD-A340-BD6E30BAE3E3}.Ad-Hoc|x86.ActiveCfg = Ad-Hoc|iPhone
		{1C39AFBD-9D02-4DFD-A340-BD6E30BAE3E3}.Ad-Hoc|x86.Build.0 = Ad-Hoc|iPhone
		{1C39AFBD-9D02-4DFD-A340-BD6E30BAE3E3}.Ad-Hoc|x86.Deploy.0 = Ad-Hoc|iPhone
		{1C39AFBD-9D02-4DFD-A340-BD6E30BAE3E3}.AppStore|Any CPU.ActiveCfg = AppStore|iPhone
		{1C39AFBD-9D02-4DFD-A340-BD6E30BAE3E3}.AppStore|Any CPU.Build.0 = AppStore|iPhone
		{1C39AFBD-9D02-4DFD-A340-BD6E30BAE3E3}.AppStore|Any CPU.Deploy.0 = AppStore|iPhone
		{1C39AFBD-9D02-4DFD-A340-BD6E30BAE3E3}.AppStore|ARM.ActiveCfg = AppStore|iPhone
		{1C39AFBD-9D02-4DFD-A340-BD6E30BAE3E3}.AppStore|ARM.Build.0 = AppStore|iPhone
		{1C39AFBD-9D02-4DFD-A340-BD6E30BAE3E3}.AppStore|ARM.Deploy.0 = AppStore|iPhone
		{1C39AFBD-9D02-4DFD-A340-BD6E30BAE3E3}.AppStore|iPhone.ActiveCfg = AppStore|iPhone
		{1C39AFBD-9D02-4DFD-A340-BD6E30BAE3E3}.AppStore|iPhone.Build.0 = AppStore|iPhone
		{1C39AFBD-9D02-4DFD-A340-BD6E30BAE3E3}.AppStore|iPhone.Deploy.0 = AppStore|iPhone
		{1C39AFBD-9D02-4DFD-A340-BD6E30BAE3E3}.AppStore|iPhoneSimulator.ActiveCfg = AppStore|iPhoneSimulator
		{1C39AFBD-9D02-4DFD-A340-BD6E30BAE3E3}.AppStore|iPhoneSimulator.Build.0 = AppStore|iPhoneSimulator
		{1C39AFBD-9D02-4DFD-A340-BD6E30BAE3E3}.AppStore|iPhoneSimulator.Deploy.0 = AppStore|iPhoneSimulator
		{1C39AFBD-9D02-4DFD-A340-BD6E30BAE3E3}.AppStore|x64.ActiveCfg = AppStore|iPhone
		{1C39AFBD-9D02-4DFD-A340-BD6E30BAE3E3}.AppStore|x64.Build.0 = AppStore|iPhone
		{1C39AFBD-9D02-4DFD-A340-BD6E30BAE3E3}.AppStore|x64.Deploy.0 = AppStore|iPhone
		{1C39AFBD-9D02-4DFD-A340-BD6E30BAE3E3}.AppStore|x86.ActiveCfg = AppStore|iPhone
		{1C39AFBD-9D02-4DFD-A340-BD6E30BAE3E3}.AppStore|x86.Build.0 = AppStore|iPhone
		{1C39AFBD-9D02-4DFD-A340-BD6E30BAE3E3}.AppStore|x86.Deploy.0 = AppStore|iPhone
		{1C39AFBD-9D02-4DFD-A340-BD6E30BAE3E3}.Debug|Any CPU.ActiveCfg = Debug|iPhoneSimulator
		{1C39AFBD-9D02-4DFD-A340-BD6E30BAE3E3}.Debug|Any CPU.Build.0 = Debug|iPhoneSimulator
		{1C39AFBD-9D02-4DFD-A340-BD6E30BAE3E3}.Debug|Any CPU.Deploy.0 = Debug|iPhoneSimulator
		{1C39AFBD-9D02-4DFD-A340-BD6E30BAE3E3}.Debug|ARM.ActiveCfg = Debug|iPhone
		{1C39AFBD-9D02-4DFD-A340-BD6E30BAE3E3}.Debug|ARM.Build.0 = Debug|iPhone
		{1C39AFBD-9D02-4DFD-A340-BD6E30BAE3E3}.Debug|ARM.Deploy.0 = Debug|iPhone
		{1C39AFBD-9D02-4DFD-A340-BD6E30BAE3E3}.Debug|iPhone.ActiveCfg = Debug|iPhone
		{1C39AFBD-9D02-4DFD-A340-BD6E30BAE3E3}.Debug|iPhone.Build.0 = Debug|iPhone
		{1C39AFBD-9D02-4DFD-A340-BD6E30BAE3E3}.Debug|iPhone.Deploy.0 = Debug|iPhone
		{1C39AFBD-9D02-4DFD-A340-BD6E30BAE3E3}.Debug|iPhoneSimulator.ActiveCfg = Debug|iPhoneSimulator
		{1C39AFBD-9D02-4DFD-A340-BD6E30BAE3E3}.Debug|iPhoneSimulator.Build.0 = Debug|iPhoneSimulator
		{1C39AFBD-9D02-4DFD-A340-BD6E30BAE3E3}.Debug|iPhoneSimulator.Deploy.0 = Debug|iPhoneSimulator
		{1C39AFBD-9D02-4DFD-A340-BD6E30BAE3E3}.Debug|x64.ActiveCfg = Debug|iPhone
		{1C39AFBD-9D02-4DFD-A340-BD6E30BAE3E3}.Debug|x64.Build.0 = Debug|iPhone
		{1C39AFBD-9D02-4DFD-A340-BD6E30BAE3E3}.Debug|x64.Deploy.0 = Debug|iPhone
		{1C39AFBD-9D02-4DFD-A340-BD6E30BAE3E3}.Debug|x86.ActiveCfg = Debug|iPhone
		{1C39AFBD-9D02-4DFD-A340-BD6E30BAE3E3}.Debug|x86.Build.0 = Debug|iPhone
		{1C39AFBD-9D02-4DFD-A340-BD6E30BAE3E3}.Debug|x86.Deploy.0 = Debug|iPhone
		{1C39AFBD-9D02-4DFD-A340-BD6E30BAE3E3}.Release|Any CPU.ActiveCfg = Release|iPhone
		{1C39AFBD-9D02-4DFD-A340-BD6E30BAE3E3}.Release|Any CPU.Build.0 = Release|iPhone
		{1C39AFBD-9D02-4DFD-A340-BD6E30BAE3E3}.Release|Any CPU.Deploy.0 = Release|iPhone
		{1C39AFBD-9D02-4DFD-A340-BD6E30BAE3E3}.Release|ARM.ActiveCfg = Release|iPhone
		{1C39AFBD-9D02-4DFD-A340-BD6E30BAE3E3}.Release|ARM.Build.0 = Release|iPhone
		{1C39AFBD-9D02-4DFD-A340-BD6E30BAE3E3}.Release|ARM.Deploy.0 = Release|iPhone
		{1C39AFBD-9D02-4DFD-A340-BD6E30BAE3E3}.Release|iPhone.ActiveCfg = Release|iPhone
		{1C39AFBD-9D02-4DFD-A340-BD6E30BAE3E3}.Release|iPhone.Build.0 = Release|iPhone
		{1C39AFBD-9D02-4DFD-A340-BD6E30BAE3E3}.Release|iPhone.Deploy.0 = Release|iPhone
		{1C39AFBD-9D02-4DFD-A340-BD6E30BAE3E3}.Release|iPhoneSimulator.ActiveCfg = Release|iPhoneSimulator
		{1C39AFBD-9D02-4DFD-A340-BD6E30BAE3E3}.Release|iPhoneSimulator.Build.0 = Release|iPhoneSimulator
		{1C39AFBD-9D02-4DFD-A340-BD6E30BAE3E3}.Release|iPhoneSimulator.Deploy.0 = Release|iPhoneSimulator
		{1C39AFBD-9D02-4DFD-A340-BD6E30BAE3E3}.Release|x64.ActiveCfg = Release|iPhone
		{1C39AFBD-9D02-4DFD-A340-BD6E30BAE3E3}.Release|x64.Build.0 = Release|iPhone
		{1C39AFBD-9D02-4DFD-A340-BD6E30BAE3E3}.Release|x64.Deploy.0 = Release|iPhone
		{1C39AFBD-9D02-4DFD-A340-BD6E30BAE3E3}.Release|x86.ActiveCfg = Release|iPhone
		{1C39AFBD-9D02-4DFD-A340-BD6E30BAE3E3}.Release|x86.Build.0 = Release|iPhone
		{1C39AFBD-9D02-4DFD-A340-BD6E30BAE3E3}.Release|x86.Deploy.0 = Release|iPhone
		{36658DCC-3987-4351-B8D6-6D7120470EF8}.Ad-Hoc|Any CPU.ActiveCfg = Release|x86
		{36658DCC-3987-4351-B8D6-6D7120470EF8}.Ad-Hoc|Any CPU.Build.0 = Release|x86
		{36658DCC-3987-4351-B8D6-6D7120470EF8}.Ad-Hoc|Any CPU.Deploy.0 = Release|x86
		{36658DCC-3987-4351-B8D6-6D7120470EF8}.Ad-Hoc|ARM.ActiveCfg = Release|ARM
		{36658DCC-3987-4351-B8D6-6D7120470EF8}.Ad-Hoc|ARM.Build.0 = Release|ARM
		{36658DCC-3987-4351-B8D6-6D7120470EF8}.Ad-Hoc|ARM.Deploy.0 = Release|ARM
		{36658DCC-3987-4351-B8D6-6D7120470EF8}.Ad-Hoc|iPhone.ActiveCfg = Release|x86
		{36658DCC-3987-4351-B8D6-6D7120470EF8}.Ad-Hoc|iPhone.Build.0 = Release|x86
		{36658DCC-3987-4351-B8D6-6D7120470EF8}.Ad-Hoc|iPhone.Deploy.0 = Release|x86
		{36658DCC-3987-4351-B8D6-6D7120470EF8}.Ad-Hoc|iPhoneSimulator.ActiveCfg = Release|x86
		{36658DCC-3987-4351-B8D6-6D7120470EF8}.Ad-Hoc|iPhoneSimulator.Build.0 = Release|x86
		{36658DCC-3987-4351-B8D6-6D7120470EF8}.Ad-Hoc|iPhoneSimulator.Deploy.0 = Release|x86
		{36658DCC-3987-4351-B8D6-6D7120470EF8}.Ad-Hoc|x64.ActiveCfg = Release|x64
		{36658DCC-3987-4351-B8D6-6D7120470EF8}.Ad-Hoc|x64.Build.0 = Release|x64
		{36658DCC-3987-4351-B8D6-6D7120470EF8}.Ad-Hoc|x64.Deploy.0 = Release|x64
		{36658DCC-3987-4351-B8D6-6D7120470EF8}.Ad-Hoc|x86.ActiveCfg = Release|x86
		{36658DCC-3987-4351-B8D6-6D7120470EF8}.Ad-Hoc|x86.Build.0 = Release|x86
		{36658DCC-3987-4351-B8D6-6D7120470EF8}.Ad-Hoc|x86.Deploy.0 = Release|x86
		{36658DCC-3987-4351-B8D6-6D7120470EF8}.AppStore|Any CPU.ActiveCfg = Release|x86
		{36658DCC-3987-4351-B8D6-6D7120470EF8}.AppStore|Any CPU.Build.0 = Release|x86
		{36658DCC-3987-4351-B8D6-6D7120470EF8}.AppStore|Any CPU.Deploy.0 = Release|x86
		{36658DCC-3987-4351-B8D6-6D7120470EF8}.AppStore|ARM.ActiveCfg = Release|ARM
		{36658DCC-3987-4351-B8D6-6D7120470EF8}.AppStore|ARM.Build.0 = Release|ARM
		{36658DCC-3987-4351-B8D6-6D7120470EF8}.AppStore|ARM.Deploy.0 = Release|ARM
		{36658DCC-3987-4351-B8D6-6D7120470EF8}.AppStore|iPhone.ActiveCfg = Release|x86
		{36658DCC-3987-4351-B8D6-6D7120470EF8}.AppStore|iPhone.Build.0 = Release|x86
		{36658DCC-3987-4351-B8D6-6D7120470EF8}.AppStore|iPhone.Deploy.0 = Release|x86
		{36658DCC-3987-4351-B8D6-6D7120470EF8}.AppStore|iPhoneSimulator.ActiveCfg = Release|x86
		{36658DCC-3987-4351-B8D6-6D7120470EF8}.AppStore|iPhoneSimulator.Build.0 = Release|x86
		{36658DCC-3987-4351-B8D6-6D7120470EF8}.AppStore|iPhoneSimulator.Deploy.0 = Release|x86
		{36658DCC-3987-4351-B8D6-6D7120470EF8}.AppStore|x64.ActiveCfg = Release|x64
		{36658DCC-3987-4351-B8D6-6D7120470EF8}.AppStore|x64.Build.0 = Release|x64
		{36658DCC-3987-4351-B8D6-6D7120470EF8}.AppStore|x64.Deploy.0 = Release|x64
		{36658DCC-3987-4351-B8D6-6D7120470EF8}.AppStore|x86.ActiveCfg = Release|x86
		{36658DCC-3987-4351-B8D6-6D7120470EF8}.AppStore|x86.Build.0 = Release|x86
		{36658DCC-3987-4351-B8D6-6D7120470EF8}.AppStore|x86.Deploy.0 = Release|x86
		{36658DCC-3987-4351-B8D6-6D7120470EF8}.Debug|Any CPU.ActiveCfg = Debug|x86
		{36658DCC-3987-4351-B8D6-6D7120470EF8}.Debug|Any CPU.Build.0 = Debug|x86
		{36658DCC-3987-4351-B8D6-6D7120470EF8}.Debug|Any CPU.Deploy.0 = Debug|x86
		{36658DCC-3987-4351-B8D6-6D7120470EF8}.Debug|ARM.ActiveCfg = Debug|ARM
		{36658DCC-3987-4351-B8D6-6D7120470EF8}.Debug|ARM.Build.0 = Debug|ARM
		{36658DCC-3987-4351-B8D6-6D7120470EF8}.Debug|ARM.Deploy.0 = Debug|ARM
		{36658DCC-3987-4351-B8D6-6D7120470EF8}.Debug|iPhone.ActiveCfg = Debug|x86
		{36658DCC-3987-4351-B8D6-6D7120470EF8}.Debug|iPhone.Build.0 = Debug|x86
		{36658DCC-3987-4351-B8D6-6D7120470EF8}.Debug|iPhone.Deploy.0 = Debug|x86
		{36658DCC-3987-4351-B8D6-6D7120470EF8}.Debug|iPhoneSimulator.ActiveCfg = Debug|x86
		{36658DCC-3987-4351-B8D6-6D7120470EF8}.Debug|iPhoneSimulator.Build.0 = Debug|x86
		{36658DCC-3987-4351-B8D6-6D7120470EF8}.Debug|iPhoneSimulator.Deploy.0 = Debug|x86
		{36658DCC-3987-4351-B8D6-6D7120470EF8}.Debug|x64.ActiveCfg = Debug|x64
		{36658DCC-3987-4351-B8D6-6D7120470EF8}.Debug|x64.Build.0 = Debug|x64
		{36658DCC-3987-4351-B8D6-6D7120470EF8}.Debug|x64.Deploy.0 = Debug|x64
		{36658DCC-3987-4351-B8D6-6D7120470EF8}.Debug|x86.ActiveCfg = Debug|x86
		{36658DCC-3987-4351-B8D6-6D7120470EF8}.Debug|x86.Build.0 = Debug|x86
		{36658DCC-3987-4351-B8D6-6D7120470EF8}.Debug|x86.Deploy.0 = Debug|x86
		{36658DCC-3987-4351-B8D6-6D7120470EF8}.Release|Any CPU.ActiveCfg = Release|x86
		{36658DCC-3987-4351-B8D6-6D7120470EF8}.Release|Any CPU.Build.0 = Release|x86
		{36658DCC-3987-4351-B8D6-6D7120470EF8}.Release|Any CPU.Deploy.0 = Release|x86
		{36658DCC-3987-4351-B8D6-6D7120470EF8}.Release|ARM.ActiveCfg = Release|ARM
		{36658DCC-3987-4351-B8D6-6D7120470EF8}.Release|ARM.Build.0 = Release|ARM
		{36658DCC-3987-4351-B8D6-6D7120470EF8}.Release|ARM.Deploy.0 = Release|ARM
		{36658DCC-3987-4351-B8D6-6D7120470EF8}.Release|iPhone.ActiveCfg = Release|x86
		{36658DCC-3987-4351-B8D6-6D7120470EF8}.Release|iPhone.Build.0 = Release|x86
		{36658DCC-3987-4351-B8D6-6D7120470EF8}.Release|iPhone.Deploy.0 = Release|x86
		{36658DCC-3987-4351-B8D6-6D7120470EF8}.Release|iPhoneSimulator.ActiveCfg = Release|x86
		{36658DCC-3987-4351-B8D6-6D7120470EF8}.Release|iPhoneSimulator.Build.0 = Release|x86
		{36658DCC-3987-4351-B8D6-6D7120470EF8}.Release|iPhoneSimulator.Deploy.0 = Release|x86
		{36658DCC-3987-4351-B8D6-6D7120470EF8}.Release|x64.ActiveCfg = Release|x64
		{36658DCC-3987-4351-B8D6-6D7120470EF8}.Release|x64.Build.0 = Release|x64
		{36658DCC-3987-4351-B8D6-6D7120470EF8}.Release|x64.Deploy.0 = Release|x64
		{36658DCC-3987-4351-B8D6-6D7120470EF8}.Release|x86.ActiveCfg = Release|x86
		{36658DCC-3987-4351-B8D6-6D7120470EF8}.Release|x86.Build.0 = Release|x86
		{36658DCC-3987-4351-B8D6-6D7120470EF8}.Release|x86.Deploy.0 = Release|x86
		{FAF380E1-A6E0-4CBF-AB47-74EE37E8158D}.Ad-Hoc|Any CPU.ActiveCfg = Debug|Any CPU
		{FAF380E1-A6E0-4CBF-AB47-74EE37E8158D}.Ad-Hoc|Any CPU.Build.0 = Debug|Any CPU
		{FAF380E1-A6E0-4CBF-AB47-74EE37E8158D}.Ad-Hoc|Any CPU.Deploy.0 = Debug|Any CPU
		{FAF380E1-A6E0-4CBF-AB47-74EE37E8158D}.Ad-Hoc|ARM.ActiveCfg = Debug|Any CPU
		{FAF380E1-A6E0-4CBF-AB47-74EE37E8158D}.Ad-Hoc|ARM.Build.0 = Debug|Any CPU
		{FAF380E1-A6E0-4CBF-AB47-74EE37E8158D}.Ad-Hoc|ARM.Deploy.0 = Debug|Any CPU
		{FAF380E1-A6E0-4CBF-AB47-74EE37E8158D}.Ad-Hoc|iPhone.ActiveCfg = Debug|Any CPU
		{FAF380E1-A6E0-4CBF-AB47-74EE37E8158D}.Ad-Hoc|iPhone.Build.0 = Debug|Any CPU
		{FAF380E1-A6E0-4CBF-AB47-74EE37E8158D}.Ad-Hoc|iPhone.Deploy.0 = Debug|Any CPU
		{FAF380E1-A6E0-4CBF-AB47-74EE37E8158D}.Ad-Hoc|iPhoneSimulator.ActiveCfg = Debug|Any CPU
		{FAF380E1-A6E0-4CBF-AB47-74EE37E8158D}.Ad-Hoc|iPhoneSimulator.Build.0 = Debug|Any CPU
		{FAF380E1-A6E0-4CBF-AB47-74EE37E8158D}.Ad-Hoc|iPhoneSimulator.Deploy.0 = Debug|Any CPU
		{FAF380E1-A6E0-4CBF-AB47-74EE37E8158D}.Ad-Hoc|x64.ActiveCfg = Debug|Any CPU
		{FAF380E1-A6E0-4CBF-AB47-74EE37E8158D}.Ad-Hoc|x64.Build.0 = Debug|Any CPU
		{FAF380E1-A6E0-4CBF-AB47-74EE37E8158D}.Ad-Hoc|x64.Deploy.0 = Debug|Any CPU
		{FAF380E1-A6E0-4CBF-AB47-74EE37E8158D}.Ad-Hoc|x86.ActiveCfg = Debug|Any CPU
		{FAF380E1-A6E0-4CBF-AB47-74EE37E8158D}.Ad-Hoc|x86.Build.0 = Debug|Any CPU
		{FAF380E1-A6E0-4CBF-AB47-74EE37E8158D}.Ad-Hoc|x86.Deploy.0 = Debug|Any CPU
		{FAF380E1-A6E0-4CBF-AB47-74EE37E8158D}.AppStore|Any CPU.ActiveCfg = Debug|Any CPU
		{FAF380E1-A6E0-4CBF-AB47-74EE37E8158D}.AppStore|Any CPU.Build.0 = Debug|Any CPU
		{FAF380E1-A6E0-4CBF-AB47-74EE37E8158D}.AppStore|Any CPU.Deploy.0 = Debug|Any CPU
		{FAF380E1-A6E0-4CBF-AB47-74EE37E8158D}.AppStore|ARM.ActiveCfg = Debug|Any CPU
		{FAF380E1-A6E0-4CBF-AB47-74EE37E8158D}.AppStore|ARM.Build.0 = Debug|Any CPU
		{FAF380E1-A6E0-4CBF-AB47-74EE37E8158D}.AppStore|ARM.Deploy.0 = Debug|Any CPU
		{FAF380E1-A6E0-4CBF-AB47-74EE37E8158D}.AppStore|iPhone.ActiveCfg = Debug|Any CPU
		{FAF380E1-A6E0-4CBF-AB47-74EE37E8158D}.AppStore|iPhone.Build.0 = Debug|Any CPU
		{FAF380E1-A6E0-4CBF-AB47-74EE37E8158D}.AppStore|iPhone.Deploy.0 = Debug|Any CPU
		{FAF380E1-A6E0-4CBF-AB47-74EE37E8158D}.AppStore|iPhoneSimulator.ActiveCfg = Debug|Any CPU
		{FAF380E1-A6E0-4CBF-AB47-74EE37E8158D}.AppStore|iPhoneSimulator.Build.0 = Debug|Any CPU
		{FAF380E1-A6E0-4CBF-AB47-74EE37E8158D}.AppStore|iPhoneSimulator.Deploy.0 = Debug|Any CPU
		{FAF380E1-A6E0-4CBF-AB47-74EE37E8158D}.AppStore|x64.ActiveCfg = Debug|Any CPU
		{FAF380E1-A6E0-4CBF-AB47-74EE37E8158D}.AppStore|x64.Build.0 = Debug|Any CPU
		{FAF380E1-A6E0-4CBF-AB47-74EE37E8158D}.AppStore|x64.Deploy.0 = Debug|Any CPU
		{FAF380E1-A6E0-4CBF-AB47-74EE37E8158D}.AppStore|x86.ActiveCfg = Debug|Any CPU
		{FAF380E1-A6E0-4CBF-AB47-74EE37E8158D}.AppStore|x86.Build.0 = Debug|Any CPU
		{FAF380E1-A6E0-4CBF-AB47-74EE37E8158D}.AppStore|x86.Deploy.0 = Debug|Any CPU
		{FAF380E1-A6E0-4CBF-AB47-74EE37E8158D}.Debug|Any CPU.ActiveCfg = Debug|Any CPU
		{FAF380E1-A6E0-4CBF-AB47-74EE37E8158D}.Debug|Any CPU.Build.0 = Debug|Any CPU
		{FAF380E1-A6E0-4CBF-AB47-74EE37E8158D}.Debug|Any CPU.Deploy.0 = Debug|Any CPU
		{FAF380E1-A6E0-4CBF-AB47-74EE37E8158D}.Debug|ARM.ActiveCfg = Debug|Any CPU
		{FAF380E1-A6E0-4CBF-AB47-74EE37E8158D}.Debug|ARM.Build.0 = Debug|Any CPU
		{FAF380E1-A6E0-4CBF-AB47-74EE37E8158D}.Debug|ARM.Deploy.0 = Debug|Any CPU
		{FAF380E1-A6E0-4CBF-AB47-74EE37E8158D}.Debug|iPhone.ActiveCfg = Debug|Any CPU
		{FAF380E1-A6E0-4CBF-AB47-74EE37E8158D}.Debug|iPhone.Build.0 = Debug|Any CPU
		{FAF380E1-A6E0-4CBF-AB47-74EE37E8158D}.Debug|iPhone.Deploy.0 = Debug|Any CPU
		{FAF380E1-A6E0-4CBF-AB47-74EE37E8158D}.Debug|iPhoneSimulator.ActiveCfg = Debug|Any CPU
		{FAF380E1-A6E0-4CBF-AB47-74EE37E8158D}.Debug|iPhoneSimulator.Build.0 = Debug|Any CPU
		{FAF380E1-A6E0-4CBF-AB47-74EE37E8158D}.Debug|iPhoneSimulator.Deploy.0 = Debug|Any CPU
		{FAF380E1-A6E0-4CBF-AB47-74EE37E8158D}.Debug|x64.ActiveCfg = Debug|Any CPU
		{FAF380E1-A6E0-4CBF-AB47-74EE37E8158D}.Debug|x64.Build.0 = Debug|Any CPU
		{FAF380E1-A6E0-4CBF-AB47-74EE37E8158D}.Debug|x64.Deploy.0 = Debug|Any CPU
		{FAF380E1-A6E0-4CBF-AB47-74EE37E8158D}.Debug|x86.ActiveCfg = Debug|Any CPU
		{FAF380E1-A6E0-4CBF-AB47-74EE37E8158D}.Debug|x86.Build.0 = Debug|Any CPU
		{FAF380E1-A6E0-4CBF-AB47-74EE37E8158D}.Debug|x86.Deploy.0 = Debug|Any CPU
		{FAF380E1-A6E0-4CBF-AB47-74EE37E8158D}.Release|Any CPU.ActiveCfg = Release|Any CPU
		{FAF380E1-A6E0-4CBF-AB47-74EE37E8158D}.Release|Any CPU.Build.0 = Release|Any CPU
		{FAF380E1-A6E0-4CBF-AB47-74EE37E8158D}.Release|Any CPU.Deploy.0 = Release|Any CPU
		{FAF380E1-A6E0-4CBF-AB47-74EE37E8158D}.Release|ARM.ActiveCfg = Release|Any CPU
		{FAF380E1-A6E0-4CBF-AB47-74EE37E8158D}.Release|ARM.Build.0 = Release|Any CPU
		{FAF380E1-A6E0-4CBF-AB47-74EE37E8158D}.Release|ARM.Deploy.0 = Release|Any CPU
		{FAF380E1-A6E0-4CBF-AB47-74EE37E8158D}.Release|iPhone.ActiveCfg = Release|Any CPU
		{FAF380E1-A6E0-4CBF-AB47-74EE37E8158D}.Release|iPhone.Build.0 = Release|Any CPU
		{FAF380E1-A6E0-4CBF-AB47-74EE37E8158D}.Release|iPhone.Deploy.0 = Release|Any CPU
		{FAF380E1-A6E0-4CBF-AB47-74EE37E8158D}.Release|iPhoneSimulator.ActiveCfg = Release|Any CPU
		{FAF380E1-A6E0-4CBF-AB47-74EE37E8158D}.Release|iPhoneSimulator.Build.0 = Release|Any CPU
		{FAF380E1-A6E0-4CBF-AB47-74EE37E8158D}.Release|iPhoneSimulator.Deploy.0 = Release|Any CPU
		{FAF380E1-A6E0-4CBF-AB47-74EE37E8158D}.Release|x64.ActiveCfg = Release|Any CPU
		{FAF380E1-A6E0-4CBF-AB47-74EE37E8158D}.Release|x64.Build.0 = Release|Any CPU
		{FAF380E1-A6E0-4CBF-AB47-74EE37E8158D}.Release|x64.Deploy.0 = Release|Any CPU
		{FAF380E1-A6E0-4CBF-AB47-74EE37E8158D}.Release|x86.ActiveCfg = Release|Any CPU
		{FAF380E1-A6E0-4CBF-AB47-74EE37E8158D}.Release|x86.Build.0 = Release|Any CPU
		{FAF380E1-A6E0-4CBF-AB47-74EE37E8158D}.Release|x86.Deploy.0 = Release|Any CPU
	EndGlobalSection
	GlobalSection(SolutionProperties) = preSolution
		HideSolutionNode = FALSE
	EndGlobalSection
	GlobalSection(ExtensibilityGlobals) = postSolution
		SolutionGuid = {8F1D3E0B-6986-4AD2-8260-2D1B26CA69F6}
	EndGlobalSection
EndGlobal
