
Microsoft Visual Studio Solution File, Format Version 12.00
# Visual Studio 15
VisualStudioVersion = 15.0.27703.2018
MinimumVisualStudioVersion = 10.0.40219.1
Project("{FAE04EC0-301F-11D3-BF4B-00C04F79EFBC}") = "App02_Xamarin.Android", "App02_Xamarin\App02_Xamarin.Android\App02_Xamarin.Android.csproj", "{40AF9EEB-2055-48CD-9C7E-DEC8B181D179}"
EndProject
Project("{FAE04EC0-301F-11D3-BF4B-00C04F79EFBC}") = "App02_Xamarin.iOS", "App02_Xamarin\App02_Xamarin.iOS\App02_Xamarin.iOS.csproj", "{B1CE6EEA-2EAB-4E1B-89CC-321929364D1E}"
EndProject
Project("{FAE04EC0-301F-11D3-BF4B-00C04F79EFBC}") = "App02_Xamarin.UWP", "App02_Xamarin\App02_Xamarin.UWP\App02_Xamarin.UWP.csproj", "{88A73BA2-03AE-4E99-BAAC-BA89E658D3DB}"
EndProject
Project("{FAE04EC0-301F-11D3-BF4B-00C04F79EFBC}") = "App02_Xamarin", "App02_Xamarin\App02_Xamarin\App02_Xamarin.csproj", "{33A635A4-6517-4BC1-8EA2-2FDD7FAD8639}"
EndProject
Global
	GlobalSection(SolutionConfigurationPlatforms) = preSolution
		Ad-Hoc|Any CPU = Ad-Hoc|Any CPU
		Ad-Hoc|ARM = Ad-Hoc|ARM
		Ad-Hoc|iPhone = Ad-Hoc|iPhone
		Ad-Hoc|iPhoneSimulator = Ad-Hoc|iPhoneSimulator
		Ad-Hoc|x64 = Ad-Hoc|x64
		Ad-Hoc|x86 = Ad-Hoc|x86
		AppStore|Any CPU = AppStore|Any CPU
		AppStore|ARM = AppStore|ARM
		AppStore|iPhone = AppStore|iPhone
		AppStore|iPhoneSimulator = AppStore|iPhoneSimulator
		AppStore|x64 = AppStore|x64
		AppStore|x86 = AppStore|x86
		Debug|Any CPU = Debug|Any CPU
		Debug|ARM = Debug|ARM
		Debug|iPhone = Debug|iPhone
		Debug|iPhoneSimulator = Debug|iPhoneSimulator
		Debug|x64 = Debug|x64
		Debug|x86 = Debug|x86
		Release|Any CPU = Release|Any CPU
		Release|ARM = Release|ARM
		Release|iPhone = Release|iPhone
		Release|iPhoneSimulator = Release|iPhoneSimulator
		Release|x64 = Release|x64
		Release|x86 = Release|x86
	EndGlobalSection
	GlobalSection(ProjectConfigurationPlatforms) = postSolution
		{40AF9EEB-2055-48CD-9C7E-DEC8B181D179}.Ad-Hoc|Any CPU.ActiveCfg = Release|Any CPU
		{40AF9EEB-2055-48CD-9C7E-DEC8B181D179}.Ad-Hoc|Any CPU.Build.0 = Release|Any CPU
		{40AF9EEB-2055-48CD-9C7E-DEC8B181D179}.Ad-Hoc|Any CPU.Deploy.0 = Release|Any CPU
		{40AF9EEB-2055-48CD-9C7E-DEC8B181D179}.Ad-Hoc|ARM.ActiveCfg = Release|Any CPU
		{40AF9EEB-2055-48CD-9C7E-DEC8B181D179}.Ad-Hoc|ARM.Build.0 = Release|Any CPU
		{40AF9EEB-2055-48CD-9C7E-DEC8B181D179}.Ad-Hoc|ARM.Deploy.0 = Release|Any CPU
		{40AF9EEB-2055-48CD-9C7E-DEC8B181D179}.Ad-Hoc|iPhone.ActiveCfg = Release|Any CPU
		{40AF9EEB-2055-48CD-9C7E-DEC8B181D179}.Ad-Hoc|iPhone.Build.0 = Release|Any CPU
		{40AF9EEB-2055-48CD-9C7E-DEC8B181D179}.Ad-Hoc|iPhone.Deploy.0 = Release|Any CPU
		{40AF9EEB-2055-48CD-9C7E-DEC8B181D179}.Ad-Hoc|iPhoneSimulator.ActiveCfg = Release|Any CPU
		{40AF9EEB-2055-48CD-9C7E-DEC8B181D179}.Ad-Hoc|iPhoneSimulator.Build.0 = Release|Any CPU
		{40AF9EEB-2055-48CD-9C7E-DEC8B181D179}.Ad-Hoc|iPhoneSimulator.Deploy.0 = Release|Any CPU
		{40AF9EEB-2055-48CD-9C7E-DEC8B181D179}.Ad-Hoc|x64.ActiveCfg = Release|Any CPU
		{40AF9EEB-2055-48CD-9C7E-DEC8B181D179}.Ad-Hoc|x64.Build.0 = Release|Any CPU
		{40AF9EEB-2055-48CD-9C7E-DEC8B181D179}.Ad-Hoc|x64.Deploy.0 = Release|Any CPU
		{40AF9EEB-2055-48CD-9C7E-DEC8B181D179}.Ad-Hoc|x86.ActiveCfg = Release|Any CPU
		{40AF9EEB-2055-48CD-9C7E-DEC8B181D179}.Ad-Hoc|x86.Build.0 = Release|Any CPU
		{40AF9EEB-2055-48CD-9C7E-DEC8B181D179}.Ad-Hoc|x86.Deploy.0 = Release|Any CPU
		{40AF9EEB-2055-48CD-9C7E-DEC8B181D179}.AppStore|Any CPU.ActiveCfg = Release|Any CPU
		{40AF9EEB-2055-48CD-9C7E-DEC8B181D179}.AppStore|Any CPU.Build.0 = Release|Any CPU
		{40AF9EEB-2055-48CD-9C7E-DEC8B181D179}.AppStore|Any CPU.Deploy.0 = Release|Any CPU
		{40AF9EEB-2055-48CD-9C7E-DEC8B181D179}.AppStore|ARM.ActiveCfg = Release|Any CPU
		{40AF9EEB-2055-48CD-9C7E-DEC8B181D179}.AppStore|ARM.Build.0 = Release|Any CPU
		{40AF9EEB-2055-48CD-9C7E-DEC8B181D179}.AppStore|ARM.Deploy.0 = Release|Any CPU
		{40AF9EEB-2055-48CD-9C7E-DEC8B181D179}.AppStore|iPhone.ActiveCfg = Release|Any CPU
		{40AF9EEB-2055-48CD-9C7E-DEC8B181D179}.AppStore|iPhone.Build.0 = Release|Any CPU
		{40AF9EEB-2055-48CD-9C7E-DEC8B181D179}.AppStore|iPhone.Deploy.0 = Release|Any CPU
		{40AF9EEB-2055-48CD-9C7E-DEC8B181D179}.AppStore|iPhoneSimulator.ActiveCfg = Release|Any CPU
		{40AF9EEB-2055-48CD-9C7E-DEC8B181D179}.AppStore|iPhoneSimulator.Build.0 = Release|Any CPU
		{40AF9EEB-2055-48CD-9C7E-DEC8B181D179}.AppStore|iPhoneSimulator.Deploy.0 = Release|Any CPU
		{40AF9EEB-2055-48CD-9C7E-DEC8B181D179}.AppStore|x64.ActiveCfg = Release|Any CPU
		{40AF9EEB-2055-48CD-9C7E-DEC8B181D179}.AppStore|x64.Build.0 = Release|Any CPU
		{40AF9EEB-2055-48CD-9C7E-DEC8B181D179}.AppStore|x64.Deploy.0 = Release|Any CPU
		{40AF9EEB-2055-48CD-9C7E-DEC8B181D179}.AppStore|x86.ActiveCfg = Release|Any CPU
		{40AF9EEB-2055-48CD-9C7E-DEC8B181D179}.AppStore|x86.Build.0 = Release|Any CPU
		{40AF9EEB-2055-48CD-9C7E-DEC8B181D179}.AppStore|x86.Deploy.0 = Release|Any CPU
		{40AF9EEB-2055-48CD-9C7E-DEC8B181D179}.Debug|Any CPU.ActiveCfg = Debug|Any CPU
		{40AF9EEB-2055-48CD-9C7E-DEC8B181D179}.Debug|Any CPU.Build.0 = Debug|Any CPU
		{40AF9EEB-2055-48CD-9C7E-DEC8B181D179}.Debug|Any CPU.Deploy.0 = Debug|Any CPU
		{40AF9EEB-2055-48CD-9C7E-DEC8B181D179}.Debug|ARM.ActiveCfg = Debug|Any CPU
		{40AF9EEB-2055-48CD-9C7E-DEC8B181D179}.Debug|ARM.Build.0 = Debug|Any CPU
		{40AF9EEB-2055-48CD-9C7E-DEC8B181D179}.Debug|ARM.Deploy.0 = Debug|Any CPU
		{40AF9EEB-2055-48CD-9C7E-DEC8B181D179}.Debug|iPhone.ActiveCfg = Debug|Any CPU
		{40AF9EEB-2055-48CD-9C7E-DEC8B181D179}.Debug|iPhone.Build.0 = Debug|Any CPU
		{40AF9EEB-2055-48CD-9C7E-DEC8B181D179}.Debug|iPhone.Deploy.0 = Debug|Any CPU
		{40AF9EEB-2055-48CD-9C7E-DEC8B181D179}.Debug|iPhoneSimulator.ActiveCfg = Debug|Any CPU
		{40AF9EEB-2055-48CD-9C7E-DEC8B181D179}.Debug|iPhoneSimulator.Build.0 = Debug|Any CPU
		{40AF9EEB-2055-48CD-9C7E-DEC8B181D179}.Debug|iPhoneSimulator.Deploy.0 = Debug|Any CPU
		{40AF9EEB-2055-48CD-9C7E-DEC8B181D179}.Debug|x64.ActiveCfg = Debug|Any CPU
		{40AF9EEB-2055-48CD-9C7E-DEC8B181D179}.Debug|x64.Build.0 = Debug|Any CPU
		{40AF9EEB-2055-48CD-9C7E-DEC8B181D179}.Debug|x64.Deploy.0 = Debug|Any CPU
		{40AF9EEB-2055-48CD-9C7E-DEC8B181D179}.Debug|x86.ActiveCfg = Debug|Any CPU
		{40AF9EEB-2055-48CD-9C7E-DEC8B181D179}.Debug|x86.Build.0 = Debug|Any CPU
		{40AF9EEB-2055-48CD-9C7E-DEC8B181D179}.Debug|x86.Deploy.0 = Debug|Any CPU
		{40AF9EEB-2055-48CD-9C7E-DEC8B181D179}.Release|Any CPU.ActiveCfg = Release|Any CPU
		{40AF9EEB-2055-48CD-9C7E-DEC8B181D179}.Release|Any CPU.Build.0 = Release|Any CPU
		{40AF9EEB-2055-48CD-9C7E-DEC8B181D179}.Release|Any CPU.Deploy.0 = Release|Any CPU
		{40AF9EEB-2055-48CD-9C7E-DEC8B181D179}.Release|ARM.ActiveCfg = Release|Any CPU
		{40AF9EEB-2055-48CD-9C7E-DEC8B181D179}.Release|ARM.Build.0 = Release|Any CPU
		{40AF9EEB-2055-48CD-9C7E-DEC8B181D179}.Release|ARM.Deploy.0 = Release|Any CPU
		{40AF9EEB-2055-48CD-9C7E-DEC8B181D179}.Release|iPhone.ActiveCfg = Release|Any CPU
		{40AF9EEB-2055-48CD-9C7E-DEC8B181D179}.Release|iPhone.Build.0 = Release|Any CPU
		{40AF9EEB-2055-48CD-9C7E-DEC8B181D179}.Release|iPhone.Deploy.0 = Release|Any CPU
		{40AF9EEB-2055-48CD-9C7E-DEC8B181D179}.Release|iPhoneSimulator.ActiveCfg = Release|Any CPU
		{40AF9EEB-2055-48CD-9C7E-DEC8B181D179}.Release|iPhoneSimulator.Build.0 = Release|Any CPU
		{40AF9EEB-2055-48CD-9C7E-DEC8B181D179}.Release|iPhoneSimulator.Deploy.0 = Release|Any CPU
		{40AF9EEB-2055-48CD-9C7E-DEC8B181D179}.Release|x64.ActiveCfg = Release|Any CPU
		{40AF9EEB-2055-48CD-9C7E-DEC8B181D179}.Release|x64.Build.0 = Release|Any CPU
		{40AF9EEB-2055-48CD-9C7E-DEC8B181D179}.Release|x64.Deploy.0 = Release|Any CPU
		{40AF9EEB-2055-48CD-9C7E-DEC8B181D179}.Release|x86.ActiveCfg = Release|Any CPU
		{40AF9EEB-2055-48CD-9C7E-DEC8B181D179}.Release|x86.Build.0 = Release|Any CPU
		{40AF9EEB-2055-48CD-9C7E-DEC8B181D179}.Release|x86.Deploy.0 = Release|Any CPU
		{B1CE6EEA-2EAB-4E1B-89CC-321929364D1E}.Ad-Hoc|Any CPU.ActiveCfg = Ad-Hoc|iPhone
		{B1CE6EEA-2EAB-4E1B-89CC-321929364D1E}.Ad-Hoc|Any CPU.Build.0 = Ad-Hoc|iPhone
		{B1CE6EEA-2EAB-4E1B-89CC-321929364D1E}.Ad-Hoc|Any CPU.Deploy.0 = Ad-Hoc|iPhone
		{B1CE6EEA-2EAB-4E1B-89CC-321929364D1E}.Ad-Hoc|ARM.ActiveCfg = Ad-Hoc|iPhone
		{B1CE6EEA-2EAB-4E1B-89CC-321929364D1E}.Ad-Hoc|ARM.Build.0 = Ad-Hoc|iPhone
		{B1CE6EEA-2EAB-4E1B-89CC-321929364D1E}.Ad-Hoc|ARM.Deploy.0 = Ad-Hoc|iPhone
		{B1CE6EEA-2EAB-4E1B-89CC-321929364D1E}.Ad-Hoc|iPhone.ActiveCfg = Ad-Hoc|iPhone
		{B1CE6EEA-2EAB-4E1B-89CC-321929364D1E}.Ad-Hoc|iPhone.Build.0 = Ad-Hoc|iPhone
		{B1CE6EEA-2EAB-4E1B-89CC-321929364D1E}.Ad-Hoc|iPhone.Deploy.0 = Ad-Hoc|iPhone
		{B1CE6EEA-2EAB-4E1B-89CC-321929364D1E}.Ad-Hoc|iPhoneSimulator.ActiveCfg = Ad-Hoc|iPhoneSimulator
		{B1CE6EEA-2EAB-4E1B-89CC-321929364D1E}.Ad-Hoc|iPhoneSimulator.Build.0 = Ad-Hoc|iPhoneSimulator
		{B1CE6EEA-2EAB-4E1B-89CC-321929364D1E}.Ad-Hoc|iPhoneSimulator.Deploy.0 = Ad-Hoc|iPhoneSimulator
		{B1CE6EEA-2EAB-4E1B-89CC-321929364D1E}.Ad-Hoc|x64.ActiveCfg = Ad-Hoc|iPhone
		{B1CE6EEA-2EAB-4E1B-89CC-321929364D1E}.Ad-Hoc|x64.Build.0 = Ad-Hoc|iPhone
		{B1CE6EEA-2EAB-4E1B-89CC-321929364D1E}.Ad-Hoc|x64.Deploy.0 = Ad-Hoc|iPhone
		{B1CE6EEA-2EAB-4E1B-89CC-321929364D1E}.Ad-Hoc|x86.ActiveCfg = Ad-Hoc|iPhone
		{B1CE6EEA-2EAB-4E1B-89CC-321929364D1E}.Ad-Hoc|x86.Build.0 = Ad-Hoc|iPhone
		{B1CE6EEA-2EAB-4E1B-89CC-321929364D1E}.Ad-Hoc|x86.Deploy.0 = Ad-Hoc|iPhone
		{B1CE6EEA-2EAB-4E1B-89CC-321929364D1E}.AppStore|Any CPU.ActiveCfg = AppStore|iPhone
		{B1CE6EEA-2EAB-4E1B-89CC-321929364D1E}.AppStore|Any CPU.Build.0 = AppStore|iPhone
		{B1CE6EEA-2EAB-4E1B-89CC-321929364D1E}.AppStore|Any CPU.Deploy.0 = AppStore|iPhone
		{B1CE6EEA-2EAB-4E1B-89CC-321929364D1E}.AppStore|ARM.ActiveCfg = AppStore|iPhone
		{B1CE6EEA-2EAB-4E1B-89CC-321929364D1E}.AppStore|ARM.Build.0 = AppStore|iPhone
		{B1CE6EEA-2EAB-4E1B-89CC-321929364D1E}.AppStore|ARM.Deploy.0 = AppStore|iPhone
		{B1CE6EEA-2EAB-4E1B-89CC-321929364D1E}.AppStore|iPhone.ActiveCfg = AppStore|iPhone
		{B1CE6EEA-2EAB-4E1B-89CC-321929364D1E}.AppStore|iPhone.Build.0 = AppStore|iPhone
		{B1CE6EEA-2EAB-4E1B-89CC-321929364D1E}.AppStore|iPhone.Deploy.0 = AppStore|iPhone
		{B1CE6EEA-2EAB-4E1B-89CC-321929364D1E}.AppStore|iPhoneSimulator.ActiveCfg = AppStore|iPhoneSimulator
		{B1CE6EEA-2EAB-4E1B-89CC-321929364D1E}.AppStore|iPhoneSimulator.Build.0 = AppStore|iPhoneSimulator
		{B1CE6EEA-2EAB-4E1B-89CC-321929364D1E}.AppStore|iPhoneSimulator.Deploy.0 = AppStore|iPhoneSimulator
		{B1CE6EEA-2EAB-4E1B-89CC-321929364D1E}.AppStore|x64.ActiveCfg = AppStore|iPhone
		{B1CE6EEA-2EAB-4E1B-89CC-321929364D1E}.AppStore|x64.Build.0 = AppStore|iPhone
		{B1CE6EEA-2EAB-4E1B-89CC-321929364D1E}.AppStore|x64.Deploy.0 = AppStore|iPhone
		{B1CE6EEA-2EAB-4E1B-89CC-321929364D1E}.AppStore|x86.ActiveCfg = AppStore|iPhone
		{B1CE6EEA-2EAB-4E1B-89CC-321929364D1E}.AppStore|x86.Build.0 = AppStore|iPhone
		{B1CE6EEA-2EAB-4E1B-89CC-321929364D1E}.AppStore|x86.Deploy.0 = AppStore|iPhone
		{B1CE6EEA-2EAB-4E1B-89CC-321929364D1E}.Debug|Any CPU.ActiveCfg = Debug|iPhoneSimulator
		{B1CE6EEA-2EAB-4E1B-89CC-321929364D1E}.Debug|Any CPU.Build.0 = Debug|iPhoneSimulator
		{B1CE6EEA-2EAB-4E1B-89CC-321929364D1E}.Debug|Any CPU.Deploy.0 = Debug|iPhoneSimulator
		{B1CE6EEA-2EAB-4E1B-89CC-321929364D1E}.Debug|ARM.ActiveCfg = Debug|iPhone
		{B1CE6EEA-2EAB-4E1B-89CC-321929364D1E}.Debug|ARM.Build.0 = Debug|iPhone
		{B1CE6EEA-2EAB-4E1B-89CC-321929364D1E}.Debug|ARM.Deploy.0 = Debug|iPhone
		{B1CE6EEA-2EAB-4E1B-89CC-321929364D1E}.Debug|iPhone.ActiveCfg = Debug|iPhone
		{B1CE6EEA-2EAB-4E1B-89CC-321929364D1E}.Debug|iPhone.Build.0 = Debug|iPhone
		{B1CE6EEA-2EAB-4E1B-89CC-321929364D1E}.Debug|iPhone.Deploy.0 = Debug|iPhone
		{B1CE6EEA-2EAB-4E1B-89CC-321929364D1E}.Debug|iPhoneSimulator.ActiveCfg = Debug|iPhoneSimulator
		{B1CE6EEA-2EAB-4E1B-89CC-321929364D1E}.Debug|iPhoneSimulator.Build.0 = Debug|iPhoneSimulator
		{B1CE6EEA-2EAB-4E1B-89CC-321929364D1E}.Debug|iPhoneSimulator.Deploy.0 = Debug|iPhoneSimulator
		{B1CE6EEA-2EAB-4E1B-89CC-321929364D1E}.Debug|x64.ActiveCfg = Debug|iPhone
		{B1CE6EEA-2EAB-4E1B-89CC-321929364D1E}.Debug|x64.Build.0 = Debug|iPhone
		{B1CE6EEA-2EAB-4E1B-89CC-321929364D1E}.Debug|x64.Deploy.0 = Debug|iPhone
		{B1CE6EEA-2EAB-4E1B-89CC-321929364D1E}.Debug|x86.ActiveCfg = Debug|iPhone
		{B1CE6EEA-2EAB-4E1B-89CC-321929364D1E}.Debug|x86.Build.0 = Debug|iPhone
		{B1CE6EEA-2EAB-4E1B-89CC-321929364D1E}.Debug|x86.Deploy.0 = Debug|iPhone
		{B1CE6EEA-2EAB-4E1B-89CC-321929364D1E}.Release|Any CPU.ActiveCfg = Release|iPhone
		{B1CE6EEA-2EAB-4E1B-89CC-321929364D1E}.Release|Any CPU.Build.0 = Release|iPhone
		{B1CE6EEA-2EAB-4E1B-89CC-321929364D1E}.Release|Any CPU.Deploy.0 = Release|iPhone
		{B1CE6EEA-2EAB-4E1B-89CC-321929364D1E}.Release|ARM.ActiveCfg = Release|iPhone
		{B1CE6EEA-2EAB-4E1B-89CC-321929364D1E}.Release|ARM.Build.0 = Release|iPhone
		{B1CE6EEA-2EAB-4E1B-89CC-321929364D1E}.Release|ARM.Deploy.0 = Release|iPhone
		{B1CE6EEA-2EAB-4E1B-89CC-321929364D1E}.Release|iPhone.ActiveCfg = Release|iPhone
		{B1CE6EEA-2EAB-4E1B-89CC-321929364D1E}.Release|iPhone.Build.0 = Release|iPhone
		{B1CE6EEA-2EAB-4E1B-89CC-321929364D1E}.Release|iPhone.Deploy.0 = Release|iPhone
		{B1CE6EEA-2EAB-4E1B-89CC-321929364D1E}.Release|iPhoneSimulator.ActiveCfg = Release|iPhoneSimulator
		{B1CE6EEA-2EAB-4E1B-89CC-321929364D1E}.Release|iPhoneSimulator.Build.0 = Release|iPhoneSimulator
		{B1CE6EEA-2EAB-4E1B-89CC-321929364D1E}.Release|iPhoneSimulator.Deploy.0 = Release|iPhoneSimulator
		{B1CE6EEA-2EAB-4E1B-89CC-321929364D1E}.Release|x64.ActiveCfg = Release|iPhone
		{B1CE6EEA-2EAB-4E1B-89CC-321929364D1E}.Release|x64.Build.0 = Release|iPhone
		{B1CE6EEA-2EAB-4E1B-89CC-321929364D1E}.Release|x64.Deploy.0 = Release|iPhone
		{B1CE6EEA-2EAB-4E1B-89CC-321929364D1E}.Release|x86.ActiveCfg = Release|iPhone
		{B1CE6EEA-2EAB-4E1B-89CC-321929364D1E}.Release|x86.Build.0 = Release|iPhone
		{B1CE6EEA-2EAB-4E1B-89CC-321929364D1E}.Release|x86.Deploy.0 = Release|iPhone
		{88A73BA2-03AE-4E99-BAAC-BA89E658D3DB}.Ad-Hoc|Any CPU.ActiveCfg = Release|x86
		{88A73BA2-03AE-4E99-BAAC-BA89E658D3DB}.Ad-Hoc|Any CPU.Build.0 = Release|x86
		{88A73BA2-03AE-4E99-BAAC-BA89E658D3DB}.Ad-Hoc|Any CPU.Deploy.0 = Release|x86
		{88A73BA2-03AE-4E99-BAAC-BA89E658D3DB}.Ad-Hoc|ARM.ActiveCfg = Release|ARM
		{88A73BA2-03AE-4E99-BAAC-BA89E658D3DB}.Ad-Hoc|ARM.Build.0 = Release|ARM
		{88A73BA2-03AE-4E99-BAAC-BA89E658D3DB}.Ad-Hoc|ARM.Deploy.0 = Release|ARM
		{88A73BA2-03AE-4E99-BAAC-BA89E658D3DB}.Ad-Hoc|iPhone.ActiveCfg = Release|x86
		{88A73BA2-03AE-4E99-BAAC-BA89E658D3DB}.Ad-Hoc|iPhone.Build.0 = Release|x86
		{88A73BA2-03AE-4E99-BAAC-BA89E658D3DB}.Ad-Hoc|iPhone.Deploy.0 = Release|x86
		{88A73BA2-03AE-4E99-BAAC-BA89E658D3DB}.Ad-Hoc|iPhoneSimulator.ActiveCfg = Release|x86
		{88A73BA2-03AE-4E99-BAAC-BA89E658D3DB}.Ad-Hoc|iPhoneSimulator.Build.0 = Release|x86
		{88A73BA2-03AE-4E99-BAAC-BA89E658D3DB}.Ad-Hoc|iPhoneSimulator.Deploy.0 = Release|x86
		{88A73BA2-03AE-4E99-BAAC-BA89E658D3DB}.Ad-Hoc|x64.ActiveCfg = Release|x64
		{88A73BA2-03AE-4E99-BAAC-BA89E658D3DB}.Ad-Hoc|x64.Build.0 = Release|x64
		{88A73BA2-03AE-4E99-BAAC-BA89E658D3DB}.Ad-Hoc|x64.Deploy.0 = Release|x64
		{88A73BA2-03AE-4E99-BAAC-BA89E658D3DB}.Ad-Hoc|x86.ActiveCfg = Release|x86
		{88A73BA2-03AE-4E99-BAAC-BA89E658D3DB}.Ad-Hoc|x86.Build.0 = Release|x86
		{88A73BA2-03AE-4E99-BAAC-BA89E658D3DB}.Ad-Hoc|x86.Deploy.0 = Release|x86
		{88A73BA2-03AE-4E99-BAAC-BA89E658D3DB}.AppStore|Any CPU.ActiveCfg = Release|x86
		{88A73BA2-03AE-4E99-BAAC-BA89E658D3DB}.AppStore|Any CPU.Build.0 = Release|x86
		{88A73BA2-03AE-4E99-BAAC-BA89E658D3DB}.AppStore|Any CPU.Deploy.0 = Release|x86
		{88A73BA2-03AE-4E99-BAAC-BA89E658D3DB}.AppStore|ARM.ActiveCfg = Release|ARM
		{88A73BA2-03AE-4E99-BAAC-BA89E658D3DB}.AppStore|ARM.Build.0 = Release|ARM
		{88A73BA2-03AE-4E99-BAAC-BA89E658D3DB}.AppStore|ARM.Deploy.0 = Release|ARM
		{88A73BA2-03AE-4E99-BAAC-BA89E658D3DB}.AppStore|iPhone.ActiveCfg = Release|x86
		{88A73BA2-03AE-4E99-BAAC-BA89E658D3DB}.AppStore|iPhone.Build.0 = Release|x86
		{88A73BA2-03AE-4E99-BAAC-BA89E658D3DB}.AppStore|iPhone.Deploy.0 = Release|x86
		{88A73BA2-03AE-4E99-BAAC-BA89E658D3DB}.AppStore|iPhoneSimulator.ActiveCfg = Release|x86
		{88A73BA2-03AE-4E99-BAAC-BA89E658D3DB}.AppStore|iPhoneSimulator.Build.0 = Release|x86
		{88A73BA2-03AE-4E99-BAAC-BA89E658D3DB}.AppStore|iPhoneSimulator.Deploy.0 = Release|x86
		{88A73BA2-03AE-4E99-BAAC-BA89E658D3DB}.AppStore|x64.ActiveCfg = Release|x64
		{88A73BA2-03AE-4E99-BAAC-BA89E658D3DB}.AppStore|x64.Build.0 = Release|x64
		{88A73BA2-03AE-4E99-BAAC-BA89E658D3DB}.AppStore|x64.Deploy.0 = Release|x64
		{88A73BA2-03AE-4E99-BAAC-BA89E658D3DB}.AppStore|x86.ActiveCfg = Release|x86
		{88A73BA2-03AE-4E99-BAAC-BA89E658D3DB}.AppStore|x86.Build.0 = Release|x86
		{88A73BA2-03AE-4E99-BAAC-BA89E658D3DB}.AppStore|x86.Deploy.0 = Release|x86
		{88A73BA2-03AE-4E99-BAAC-BA89E658D3DB}.Debug|Any CPU.ActiveCfg = Debug|x86
		{88A73BA2-03AE-4E99-BAAC-BA89E658D3DB}.Debug|Any CPU.Build.0 = Debug|x86
		{88A73BA2-03AE-4E99-BAAC-BA89E658D3DB}.Debug|Any CPU.Deploy.0 = Debug|x86
		{88A73BA2-03AE-4E99-BAAC-BA89E658D3DB}.Debug|ARM.ActiveCfg = Debug|ARM
		{88A73BA2-03AE-4E99-BAAC-BA89E658D3DB}.Debug|ARM.Build.0 = Debug|ARM
		{88A73BA2-03AE-4E99-BAAC-BA89E658D3DB}.Debug|ARM.Deploy.0 = Debug|ARM
		{88A73BA2-03AE-4E99-BAAC-BA89E658D3DB}.Debug|iPhone.ActiveCfg = Debug|x86
		{88A73BA2-03AE-4E99-BAAC-BA89E658D3DB}.Debug|iPhone.Build.0 = Debug|x86
		{88A73BA2-03AE-4E99-BAAC-BA89E658D3DB}.Debug|iPhone.Deploy.0 = Debug|x86
		{88A73BA2-03AE-4E99-BAAC-BA89E658D3DB}.Debug|iPhoneSimulator.ActiveCfg = Debug|x86
		{88A73BA2-03AE-4E99-BAAC-BA89E658D3DB}.Debug|iPhoneSimulator.Build.0 = Debug|x86
		{88A73BA2-03AE-4E99-BAAC-BA89E658D3DB}.Debug|iPhoneSimulator.Deploy.0 = Debug|x86
		{88A73BA2-03AE-4E99-BAAC-BA89E658D3DB}.Debug|x64.ActiveCfg = Debug|x64
		{88A73BA2-03AE-4E99-BAAC-BA89E658D3DB}.Debug|x64.Build.0 = Debug|x64
		{88A73BA2-03AE-4E99-BAAC-BA89E658D3DB}.Debug|x64.Deploy.0 = Debug|x64
		{88A73BA2-03AE-4E99-BAAC-BA89E658D3DB}.Debug|x86.ActiveCfg = Debug|x86
		{88A73BA2-03AE-4E99-BAAC-BA89E658D3DB}.Debug|x86.Build.0 = Debug|x86
		{88A73BA2-03AE-4E99-BAAC-BA89E658D3DB}.Debug|x86.Deploy.0 = Debug|x86
		{88A73BA2-03AE-4E99-BAAC-BA89E658D3DB}.Release|Any CPU.ActiveCfg = Release|x86
		{88A73BA2-03AE-4E99-BAAC-BA89E658D3DB}.Release|Any CPU.Build.0 = Release|x86
		{88A73BA2-03AE-4E99-BAAC-BA89E658D3DB}.Release|Any CPU.Deploy.0 = Release|x86
		{88A73BA2-03AE-4E99-BAAC-BA89E658D3DB}.Release|ARM.ActiveCfg = Release|ARM
		{88A73BA2-03AE-4E99-BAAC-BA89E658D3DB}.Release|ARM.Build.0 = Release|ARM
		{88A73BA2-03AE-4E99-BAAC-BA89E658D3DB}.Release|ARM.Deploy.0 = Release|ARM
		{88A73BA2-03AE-4E99-BAAC-BA89E658D3DB}.Release|iPhone.ActiveCfg = Release|x86
		{88A73BA2-03AE-4E99-BAAC-BA89E658D3DB}.Release|iPhone.Build.0 = Release|x86
		{88A73BA2-03AE-4E99-BAAC-BA89E658D3DB}.Release|iPhone.Deploy.0 = Release|x86
		{88A73BA2-03AE-4E99-BAAC-BA89E658D3DB}.Release|iPhoneSimulator.ActiveCfg = Release|x86
		{88A73BA2-03AE-4E99-BAAC-BA89E658D3DB}.Release|iPhoneSimulator.Build.0 = Release|x86
		{88A73BA2-03AE-4E99-BAAC-BA89E658D3DB}.Release|iPhoneSimulator.Deploy.0 = Release|x86
		{88A73BA2-03AE-4E99-BAAC-BA89E658D3DB}.Release|x64.ActiveCfg = Release|x64
		{88A73BA2-03AE-4E99-BAAC-BA89E658D3DB}.Release|x64.Build.0 = Release|x64
		{88A73BA2-03AE-4E99-BAAC-BA89E658D3DB}.Release|x64.Deploy.0 = Release|x64
		{88A73BA2-03AE-4E99-BAAC-BA89E658D3DB}.Release|x86.ActiveCfg = Release|x86
		{88A73BA2-03AE-4E99-BAAC-BA89E658D3DB}.Release|x86.Build.0 = Release|x86
		{88A73BA2-03AE-4E99-BAAC-BA89E658D3DB}.Release|x86.Deploy.0 = Release|x86
		{33A635A4-6517-4BC1-8EA2-2FDD7FAD8639}.Ad-Hoc|Any CPU.ActiveCfg = Debug|Any CPU
		{33A635A4-6517-4BC1-8EA2-2FDD7FAD8639}.Ad-Hoc|Any CPU.Build.0 = Debug|Any CPU
		{33A635A4-6517-4BC1-8EA2-2FDD7FAD8639}.Ad-Hoc|Any CPU.Deploy.0 = Debug|Any CPU
		{33A635A4-6517-4BC1-8EA2-2FDD7FAD8639}.Ad-Hoc|ARM.ActiveCfg = Debug|Any CPU
		{33A635A4-6517-4BC1-8EA2-2FDD7FAD8639}.Ad-Hoc|ARM.Build.0 = Debug|Any CPU
		{33A635A4-6517-4BC1-8EA2-2FDD7FAD8639}.Ad-Hoc|ARM.Deploy.0 = Debug|Any CPU
		{33A635A4-6517-4BC1-8EA2-2FDD7FAD8639}.Ad-Hoc|iPhone.ActiveCfg = Debug|Any CPU
		{33A635A4-6517-4BC1-8EA2-2FDD7FAD8639}.Ad-Hoc|iPhone.Build.0 = Debug|Any CPU
		{33A635A4-6517-4BC1-8EA2-2FDD7FAD8639}.Ad-Hoc|iPhone.Deploy.0 = Debug|Any CPU
		{33A635A4-6517-4BC1-8EA2-2FDD7FAD8639}.Ad-Hoc|iPhoneSimulator.ActiveCfg = Debug|Any CPU
		{33A635A4-6517-4BC1-8EA2-2FDD7FAD8639}.Ad-Hoc|iPhoneSimulator.Build.0 = Debug|Any CPU
		{33A635A4-6517-4BC1-8EA2-2FDD7FAD8639}.Ad-Hoc|iPhoneSimulator.Deploy.0 = Debug|Any CPU
		{33A635A4-6517-4BC1-8EA2-2FDD7FAD8639}.Ad-Hoc|x64.ActiveCfg = Debug|Any CPU
		{33A635A4-6517-4BC1-8EA2-2FDD7FAD8639}.Ad-Hoc|x64.Build.0 = Debug|Any CPU
		{33A635A4-6517-4BC1-8EA2-2FDD7FAD8639}.Ad-Hoc|x64.Deploy.0 = Debug|Any CPU
		{33A635A4-6517-4BC1-8EA2-2FDD7FAD8639}.Ad-Hoc|x86.ActiveCfg = Debug|Any CPU
		{33A635A4-6517-4BC1-8EA2-2FDD7FAD8639}.Ad-Hoc|x86.Build.0 = Debug|Any CPU
		{33A635A4-6517-4BC1-8EA2-2FDD7FAD8639}.Ad-Hoc|x86.Deploy.0 = Debug|Any CPU
		{33A635A4-6517-4BC1-8EA2-2FDD7FAD8639}.AppStore|Any CPU.ActiveCfg = Debug|Any CPU
		{33A635A4-6517-4BC1-8EA2-2FDD7FAD8639}.AppStore|Any CPU.Build.0 = Debug|Any CPU
		{33A635A4-6517-4BC1-8EA2-2FDD7FAD8639}.AppStore|Any CPU.Deploy.0 = Debug|Any CPU
		{33A635A4-6517-4BC1-8EA2-2FDD7FAD8639}.AppStore|ARM.ActiveCfg = Debug|Any CPU
		{33A635A4-6517-4BC1-8EA2-2FDD7FAD8639}.AppStore|ARM.Build.0 = Debug|Any CPU
		{33A635A4-6517-4BC1-8EA2-2FDD7FAD8639}.AppStore|ARM.Deploy.0 = Debug|Any CPU
		{33A635A4-6517-4BC1-8EA2-2FDD7FAD8639}.AppStore|iPhone.ActiveCfg = Debug|Any CPU
		{33A635A4-6517-4BC1-8EA2-2FDD7FAD8639}.AppStore|iPhone.Build.0 = Debug|Any CPU
		{33A635A4-6517-4BC1-8EA2-2FDD7FAD8639}.AppStore|iPhone.Deploy.0 = Debug|Any CPU
		{33A635A4-6517-4BC1-8EA2-2FDD7FAD8639}.AppStore|iPhoneSimulator.ActiveCfg = Debug|Any CPU
		{33A635A4-6517-4BC1-8EA2-2FDD7FAD8639}.AppStore|iPhoneSimulator.Build.0 = Debug|Any CPU
		{33A635A4-6517-4BC1-8EA2-2FDD7FAD8639}.AppStore|iPhoneSimulator.Deploy.0 = Debug|Any CPU
		{33A635A4-6517-4BC1-8EA2-2FDD7FAD8639}.AppStore|x64.ActiveCfg = Debug|Any CPU
		{33A635A4-6517-4BC1-8EA2-2FDD7FAD8639}.AppStore|x64.Build.0 = Debug|Any CPU
		{33A635A4-6517-4BC1-8EA2-2FDD7FAD8639}.AppStore|x64.Deploy.0 = Debug|Any CPU
		{33A635A4-6517-4BC1-8EA2-2FDD7FAD8639}.AppStore|x86.ActiveCfg = Debug|Any CPU
		{33A635A4-6517-4BC1-8EA2-2FDD7FAD8639}.AppStore|x86.Build.0 = Debug|Any CPU
		{33A635A4-6517-4BC1-8EA2-2FDD7FAD8639}.AppStore|x86.Deploy.0 = Debug|Any CPU
		{33A635A4-6517-4BC1-8EA2-2FDD7FAD8639}.Debug|Any CPU.ActiveCfg = Debug|Any CPU
		{33A635A4-6517-4BC1-8EA2-2FDD7FAD8639}.Debug|Any CPU.Build.0 = Debug|Any CPU
		{33A635A4-6517-4BC1-8EA2-2FDD7FAD8639}.Debug|Any CPU.Deploy.0 = Debug|Any CPU
		{33A635A4-6517-4BC1-8EA2-2FDD7FAD8639}.Debug|ARM.ActiveCfg = Debug|Any CPU
		{33A635A4-6517-4BC1-8EA2-2FDD7FAD8639}.Debug|ARM.Build.0 = Debug|Any CPU
		{33A635A4-6517-4BC1-8EA2-2FDD7FAD8639}.Debug|ARM.Deploy.0 = Debug|Any CPU
		{33A635A4-6517-4BC1-8EA2-2FDD7FAD8639}.Debug|iPhone.ActiveCfg = Debug|Any CPU
		{33A635A4-6517-4BC1-8EA2-2FDD7FAD8639}.Debug|iPhone.Build.0 = Debug|Any CPU
		{33A635A4-6517-4BC1-8EA2-2FDD7FAD8639}.Debug|iPhone.Deploy.0 = Debug|Any CPU
		{33A635A4-6517-4BC1-8EA2-2FDD7FAD8639}.Debug|iPhoneSimulator.ActiveCfg = Debug|Any CPU
		{33A635A4-6517-4BC1-8EA2-2FDD7FAD8639}.Debug|iPhoneSimulator.Build.0 = Debug|Any CPU
		{33A635A4-6517-4BC1-8EA2-2FDD7FAD8639}.Debug|iPhoneSimulator.Deploy.0 = Debug|Any CPU
		{33A635A4-6517-4BC1-8EA2-2FDD7FAD8639}.Debug|x64.ActiveCfg = Debug|Any CPU
		{33A635A4-6517-4BC1-8EA2-2FDD7FAD8639}.Debug|x64.Build.0 = Debug|Any CPU
		{33A635A4-6517-4BC1-8EA2-2FDD7FAD8639}.Debug|x64.Deploy.0 = Debug|Any CPU
		{33A635A4-6517-4BC1-8EA2-2FDD7FAD8639}.Debug|x86.ActiveCfg = Debug|Any CPU
		{33A635A4-6517-4BC1-8EA2-2FDD7FAD8639}.Debug|x86.Build.0 = Debug|Any CPU
		{33A635A4-6517-4BC1-8EA2-2FDD7FAD8639}.Debug|x86.Deploy.0 = Debug|Any CPU
		{33A635A4-6517-4BC1-8EA2-2FDD7FAD8639}.Release|Any CPU.ActiveCfg = Release|Any CPU
		{33A635A4-6517-4BC1-8EA2-2FDD7FAD8639}.Release|Any CPU.Build.0 = Release|Any CPU
		{33A635A4-6517-4BC1-8EA2-2FDD7FAD8639}.Release|Any CPU.Deploy.0 = Release|Any CPU
		{33A635A4-6517-4BC1-8EA2-2FDD7FAD8639}.Release|ARM.ActiveCfg = Release|Any CPU
		{33A635A4-6517-4BC1-8EA2-2FDD7FAD8639}.Release|ARM.Build.0 = Release|Any CPU
		{33A635A4-6517-4BC1-8EA2-2FDD7FAD8639}.Release|ARM.Deploy.0 = Release|Any CPU
		{33A635A4-6517-4BC1-8EA2-2FDD7FAD8639}.Release|iPhone.ActiveCfg = Release|Any CPU
		{33A635A4-6517-4BC1-8EA2-2FDD7FAD8639}.Release|iPhone.Build.0 = Release|Any CPU
		{33A635A4-6517-4BC1-8EA2-2FDD7FAD8639}.Release|iPhone.Deploy.0 = Release|Any CPU
		{33A635A4-6517-4BC1-8EA2-2FDD7FAD8639}.Release|iPhoneSimulator.ActiveCfg = Release|Any CPU
		{33A635A4-6517-4BC1-8EA2-2FDD7FAD8639}.Release|iPhoneSimulator.Build.0 = Release|Any CPU
		{33A635A4-6517-4BC1-8EA2-2FDD7FAD8639}.Release|iPhoneSimulator.Deploy.0 = Release|Any CPU
		{33A635A4-6517-4BC1-8EA2-2FDD7FAD8639}.Release|x64.ActiveCfg = Release|Any CPU
		{33A635A4-6517-4BC1-8EA2-2FDD7FAD8639}.Release|x64.Build.0 = Release|Any CPU
		{33A635A4-6517-4BC1-8EA2-2FDD7FAD8639}.Release|x64.Deploy.0 = Release|Any CPU
		{33A635A4-6517-4BC1-8EA2-2FDD7FAD8639}.Release|x86.ActiveCfg = Release|Any CPU
		{33A635A4-6517-4BC1-8EA2-2FDD7FAD8639}.Release|x86.Build.0 = Release|Any CPU
		{33A635A4-6517-4BC1-8EA2-2FDD7FAD8639}.Release|x86.Deploy.0 = Release|Any CPU
	EndGlobalSection
	GlobalSection(SolutionProperties) = preSolution
		HideSolutionNode = FALSE
	EndGlobalSection
	GlobalSection(ExtensibilityGlobals) = postSolution
		SolutionGuid = {7137D76D-3B5C-4C94-9D14-043AF247A6C3}
	EndGlobalSection
EndGlobal
