
Microsoft Visual Studio Solution File, Format Version 12.00
# Visual Studio 15
VisualStudioVersion = 15.0.27703.2000
MinimumVisualStudioVersion = 10.0.40219.1
Project("{FAE04EC0-301F-11D3-BF4B-00C04F79EFBC}") = "App01_ConsultarCEP1.Android", "App01_ConsultarCEP1\App01_ConsultarCEP1.Android\App01_ConsultarCEP1.Android.csproj", "{A128196B-DAEB-4ABB-9106-F4C6268518F2}"
EndProject
Project("{FAE04EC0-301F-11D3-BF4B-00C04F79EFBC}") = "App01_ConsultarCEP1.iOS", "App01_ConsultarCEP1\App01_ConsultarCEP1.iOS\App01_ConsultarCEP1.iOS.csproj", "{352D6D69-8344-4B15-ACA7-77D2C9B7A48C}"
EndProject
Project("{FAE04EC0-301F-11D3-BF4B-00C04F79EFBC}") = "App01_ConsultarCEP1.UWP", "App01_ConsultarCEP1\App01_ConsultarCEP1.UWP\App01_ConsultarCEP1.UWP.csproj", "{A1DE90D6-F66C-47F2-9BDE-DD71243CC514}"
EndProject
Project("{FAE04EC0-301F-11D3-BF4B-00C04F79EFBC}") = "App01_ConsultarCEP1", "App01_ConsultarCEP1\App01_ConsultarCEP1\App01_ConsultarCEP1.csproj", "{CF7B3BCB-AC78-478D-B1F0-5B4C0CACB810}"
EndProject
Global
	GlobalSection(SolutionConfigurationPlatforms) = preSolution
		Ad-Hoc|Any CPU = Ad-Hoc|Any CPU
		Ad-Hoc|ARM = Ad-Hoc|ARM
		Ad-Hoc|iPhone = Ad-Hoc|iPhone
		Ad-Hoc|iPhoneSimulator = Ad-Hoc|iPhoneSimulator
		Ad-Hoc|x64 = Ad-Hoc|x64
		Ad-Hoc|x86 = Ad-Hoc|x86
		AppStore|Any CPU = AppStore|Any CPU
		AppStore|ARM = AppStore|ARM
		AppStore|iPhone = AppStore|iPhone
		AppStore|iPhoneSimulator = AppStore|iPhoneSimulator
		AppStore|x64 = AppStore|x64
		AppStore|x86 = AppStore|x86
		Debug|Any CPU = Debug|Any CPU
		Debug|ARM = Debug|ARM
		Debug|iPhone = Debug|iPhone
		Debug|iPhoneSimulator = Debug|iPhoneSimulator
		Debug|x64 = Debug|x64
		Debug|x86 = Debug|x86
		Release|Any CPU = Release|Any CPU
		Release|ARM = Release|ARM
		Release|iPhone = Release|iPhone
		Release|iPhoneSimulator = Release|iPhoneSimulator
		Release|x64 = Release|x64
		Release|x86 = Release|x86
	EndGlobalSection
	GlobalSection(ProjectConfigurationPlatforms) = postSolution
		{A128196B-DAEB-4ABB-9106-F4C6268518F2}.Ad-Hoc|Any CPU.ActiveCfg = Release|Any CPU
		{A128196B-DAEB-4ABB-9106-F4C6268518F2}.Ad-Hoc|Any CPU.Build.0 = Release|Any CPU
		{A128196B-DAEB-4ABB-9106-F4C6268518F2}.Ad-Hoc|Any CPU.Deploy.0 = Release|Any CPU
		{A128196B-DAEB-4ABB-9106-F4C6268518F2}.Ad-Hoc|ARM.ActiveCfg = Release|Any CPU
		{A128196B-DAEB-4ABB-9106-F4C6268518F2}.Ad-Hoc|ARM.Build.0 = Release|Any CPU
		{A128196B-DAEB-4ABB-9106-F4C6268518F2}.Ad-Hoc|ARM.Deploy.0 = Release|Any CPU
		{A128196B-DAEB-4ABB-9106-F4C6268518F2}.Ad-Hoc|iPhone.ActiveCfg = Release|Any CPU
		{A128196B-DAEB-4ABB-9106-F4C6268518F2}.Ad-Hoc|iPhone.Build.0 = Release|Any CPU
		{A128196B-DAEB-4ABB-9106-F4C6268518F2}.Ad-Hoc|iPhone.Deploy.0 = Release|Any CPU
		{A128196B-DAEB-4ABB-9106-F4C6268518F2}.Ad-Hoc|iPhoneSimulator.ActiveCfg = Release|Any CPU
		{A128196B-DAEB-4ABB-9106-F4C6268518F2}.Ad-Hoc|iPhoneSimulator.Build.0 = Release|Any CPU
		{A128196B-DAEB-4ABB-9106-F4C6268518F2}.Ad-Hoc|iPhoneSimulator.Deploy.0 = Release|Any CPU
		{A128196B-DAEB-4ABB-9106-F4C6268518F2}.Ad-Hoc|x64.ActiveCfg = Release|Any CPU
		{A128196B-DAEB-4ABB-9106-F4C6268518F2}.Ad-Hoc|x64.Build.0 = Release|Any CPU
		{A128196B-DAEB-4ABB-9106-F4C6268518F2}.Ad-Hoc|x64.Deploy.0 = Release|Any CPU
		{A128196B-DAEB-4ABB-9106-F4C6268518F2}.Ad-Hoc|x86.ActiveCfg = Release|Any CPU
		{A128196B-DAEB-4ABB-9106-F4C6268518F2}.Ad-Hoc|x86.Build.0 = Release|Any CPU
		{A128196B-DAEB-4ABB-9106-F4C6268518F2}.Ad-Hoc|x86.Deploy.0 = Release|Any CPU
		{A128196B-DAEB-4ABB-9106-F4C6268518F2}.AppStore|Any CPU.ActiveCfg = Release|Any CPU
		{A128196B-DAEB-4ABB-9106-F4C6268518F2}.AppStore|Any CPU.Build.0 = Release|Any CPU
		{A128196B-DAEB-4ABB-9106-F4C6268518F2}.AppStore|Any CPU.Deploy.0 = Release|Any CPU
		{A128196B-DAEB-4ABB-9106-F4C6268518F2}.AppStore|ARM.ActiveCfg = Release|Any CPU
		{A128196B-DAEB-4ABB-9106-F4C6268518F2}.AppStore|ARM.Build.0 = Release|Any CPU
		{A128196B-DAEB-4ABB-9106-F4C6268518F2}.AppStore|ARM.Deploy.0 = Release|Any CPU
		{A128196B-DAEB-4ABB-9106-F4C6268518F2}.AppStore|iPhone.ActiveCfg = Release|Any CPU
		{A128196B-DAEB-4ABB-9106-F4C6268518F2}.AppStore|iPhone.Build.0 = Release|Any CPU
		{A128196B-DAEB-4ABB-9106-F4C6268518F2}.AppStore|iPhone.Deploy.0 = Release|Any CPU
		{A128196B-DAEB-4ABB-9106-F4C6268518F2}.AppStore|iPhoneSimulator.ActiveCfg = Release|Any CPU
		{A128196B-DAEB-4ABB-9106-F4C6268518F2}.AppStore|iPhoneSimulator.Build.0 = Release|Any CPU
		{A128196B-DAEB-4ABB-9106-F4C6268518F2}.AppStore|iPhoneSimulator.Deploy.0 = Release|Any CPU
		{A128196B-DAEB-4ABB-9106-F4C6268518F2}.AppStore|x64.ActiveCfg = Release|Any CPU
		{A128196B-DAEB-4ABB-9106-F4C6268518F2}.AppStore|x64.Build.0 = Release|Any CPU
		{A128196B-DAEB-4ABB-9106-F4C6268518F2}.AppStore|x64.Deploy.0 = Release|Any CPU
		{A128196B-DAEB-4ABB-9106-F4C6268518F2}.AppStore|x86.ActiveCfg = Release|Any CPU
		{A128196B-DAEB-4ABB-9106-F4C6268518F2}.AppStore|x86.Build.0 = Release|Any CPU
		{A128196B-DAEB-4ABB-9106-F4C6268518F2}.AppStore|x86.Deploy.0 = Release|Any CPU
		{A128196B-DAEB-4ABB-9106-F4C6268518F2}.Debug|Any CPU.ActiveCfg = Debug|Any CPU
		{A128196B-DAEB-4ABB-9106-F4C6268518F2}.Debug|Any CPU.Build.0 = Debug|Any CPU
		{A128196B-DAEB-4ABB-9106-F4C6268518F2}.Debug|Any CPU.Deploy.0 = Debug|Any CPU
		{A128196B-DAEB-4ABB-9106-F4C6268518F2}.Debug|ARM.ActiveCfg = Debug|Any CPU
		{A128196B-DAEB-4ABB-9106-F4C6268518F2}.Debug|ARM.Build.0 = Debug|Any CPU
		{A128196B-DAEB-4ABB-9106-F4C6268518F2}.Debug|ARM.Deploy.0 = Debug|Any CPU
		{A128196B-DAEB-4ABB-9106-F4C6268518F2}.Debug|iPhone.ActiveCfg = Debug|Any CPU
		{A128196B-DAEB-4ABB-9106-F4C6268518F2}.Debug|iPhone.Build.0 = Debug|Any CPU
		{A128196B-DAEB-4ABB-9106-F4C6268518F2}.Debug|iPhone.Deploy.0 = Debug|Any CPU
		{A128196B-DAEB-4ABB-9106-F4C6268518F2}.Debug|iPhoneSimulator.ActiveCfg = Debug|Any CPU
		{A128196B-DAEB-4ABB-9106-F4C6268518F2}.Debug|iPhoneSimulator.Build.0 = Debug|Any CPU
		{A128196B-DAEB-4ABB-9106-F4C6268518F2}.Debug|iPhoneSimulator.Deploy.0 = Debug|Any CPU
		{A128196B-DAEB-4ABB-9106-F4C6268518F2}.Debug|x64.ActiveCfg = Debug|Any CPU
		{A128196B-DAEB-4ABB-9106-F4C6268518F2}.Debug|x64.Build.0 = Debug|Any CPU
		{A128196B-DAEB-4ABB-9106-F4C6268518F2}.Debug|x64.Deploy.0 = Debug|Any CPU
		{A128196B-DAEB-4ABB-9106-F4C6268518F2}.Debug|x86.ActiveCfg = Debug|Any CPU
		{A128196B-DAEB-4ABB-9106-F4C6268518F2}.Debug|x86.Build.0 = Debug|Any CPU
		{A128196B-DAEB-4ABB-9106-F4C6268518F2}.Debug|x86.Deploy.0 = Debug|Any CPU
		{A128196B-DAEB-4ABB-9106-F4C6268518F2}.Release|Any CPU.ActiveCfg = Release|Any CPU
		{A128196B-DAEB-4ABB-9106-F4C6268518F2}.Release|Any CPU.Build.0 = Release|Any CPU
		{A128196B-DAEB-4ABB-9106-F4C6268518F2}.Release|Any CPU.Deploy.0 = Release|Any CPU
		{A128196B-DAEB-4ABB-9106-F4C6268518F2}.Release|ARM.ActiveCfg = Release|Any CPU
		{A128196B-DAEB-4ABB-9106-F4C6268518F2}.Release|ARM.Build.0 = Release|Any CPU
		{A128196B-DAEB-4ABB-9106-F4C6268518F2}.Release|ARM.Deploy.0 = Release|Any CPU
		{A128196B-DAEB-4ABB-9106-F4C6268518F2}.Release|iPhone.ActiveCfg = Release|Any CPU
		{A128196B-DAEB-4ABB-9106-F4C6268518F2}.Release|iPhone.Build.0 = Release|Any CPU
		{A128196B-DAEB-4ABB-9106-F4C6268518F2}.Release|iPhone.Deploy.0 = Release|Any CPU
		{A128196B-DAEB-4ABB-9106-F4C6268518F2}.Release|iPhoneSimulator.ActiveCfg = Release|Any CPU
		{A128196B-DAEB-4ABB-9106-F4C6268518F2}.Release|iPhoneSimulator.Build.0 = Release|Any CPU
		{A128196B-DAEB-4ABB-9106-F4C6268518F2}.Release|iPhoneSimulator.Deploy.0 = Release|Any CPU
		{A128196B-DAEB-4ABB-9106-F4C6268518F2}.Release|x64.ActiveCfg = Release|Any CPU
		{A128196B-DAEB-4ABB-9106-F4C6268518F2}.Release|x64.Build.0 = Release|Any CPU
		{A128196B-DAEB-4ABB-9106-F4C6268518F2}.Release|x64.Deploy.0 = Release|Any CPU
		{A128196B-DAEB-4ABB-9106-F4C6268518F2}.Release|x86.ActiveCfg = Release|Any CPU
		{A128196B-DAEB-4ABB-9106-F4C6268518F2}.Release|x86.Build.0 = Release|Any CPU
		{A128196B-DAEB-4ABB-9106-F4C6268518F2}.Release|x86.Deploy.0 = Release|Any CPU
		{352D6D69-8344-4B15-ACA7-77D2C9B7A48C}.Ad-Hoc|Any CPU.ActiveCfg = Ad-Hoc|iPhone
		{352D6D69-8344-4B15-ACA7-77D2C9B7A48C}.Ad-Hoc|Any CPU.Build.0 = Ad-Hoc|iPhone
		{352D6D69-8344-4B15-ACA7-77D2C9B7A48C}.Ad-Hoc|Any CPU.Deploy.0 = Ad-Hoc|iPhone
		{352D6D69-8344-4B15-ACA7-77D2C9B7A48C}.Ad-Hoc|ARM.ActiveCfg = Ad-Hoc|iPhone
		{352D6D69-8344-4B15-ACA7-77D2C9B7A48C}.Ad-Hoc|ARM.Build.0 = Ad-Hoc|iPhone
		{352D6D69-8344-4B15-ACA7-77D2C9B7A48C}.Ad-Hoc|ARM.Deploy.0 = Ad-Hoc|iPhone
		{352D6D69-8344-4B15-ACA7-77D2C9B7A48C}.Ad-Hoc|iPhone.ActiveCfg = Ad-Hoc|iPhone
		{352D6D69-8344-4B15-ACA7-77D2C9B7A48C}.Ad-Hoc|iPhone.Build.0 = Ad-Hoc|iPhone
		{352D6D69-8344-4B15-ACA7-77D2C9B7A48C}.Ad-Hoc|iPhone.Deploy.0 = Ad-Hoc|iPhone
		{352D6D69-8344-4B15-ACA7-77D2C9B7A48C}.Ad-Hoc|iPhoneSimulator.ActiveCfg = Ad-Hoc|iPhoneSimulator
		{352D6D69-8344-4B15-ACA7-77D2C9B7A48C}.Ad-Hoc|iPhoneSimulator.Build.0 = Ad-Hoc|iPhoneSimulator
		{352D6D69-8344-4B15-ACA7-77D2C9B7A48C}.Ad-Hoc|iPhoneSimulator.Deploy.0 = Ad-Hoc|iPhoneSimulator
		{352D6D69-8344-4B15-ACA7-77D2C9B7A48C}.Ad-Hoc|x64.ActiveCfg = Ad-Hoc|iPhone
		{352D6D69-8344-4B15-ACA7-77D2C9B7A48C}.Ad-Hoc|x64.Build.0 = Ad-Hoc|iPhone
		{352D6D69-8344-4B15-ACA7-77D2C9B7A48C}.Ad-Hoc|x64.Deploy.0 = Ad-Hoc|iPhone
		{352D6D69-8344-4B15-ACA7-77D2C9B7A48C}.Ad-Hoc|x86.ActiveCfg = Ad-Hoc|iPhone
		{352D6D69-8344-4B15-ACA7-77D2C9B7A48C}.Ad-Hoc|x86.Build.0 = Ad-Hoc|iPhone
		{352D6D69-8344-4B15-ACA7-77D2C9B7A48C}.Ad-Hoc|x86.Deploy.0 = Ad-Hoc|iPhone
		{352D6D69-8344-4B15-ACA7-77D2C9B7A48C}.AppStore|Any CPU.ActiveCfg = AppStore|iPhone
		{352D6D69-8344-4B15-ACA7-77D2C9B7A48C}.AppStore|Any CPU.Build.0 = AppStore|iPhone
		{352D6D69-8344-4B15-ACA7-77D2C9B7A48C}.AppStore|Any CPU.Deploy.0 = AppStore|iPhone
		{352D6D69-8344-4B15-ACA7-77D2C9B7A48C}.AppStore|ARM.ActiveCfg = AppStore|iPhone
		{352D6D69-8344-4B15-ACA7-77D2C9B7A48C}.AppStore|ARM.Build.0 = AppStore|iPhone
		{352D6D69-8344-4B15-ACA7-77D2C9B7A48C}.AppStore|ARM.Deploy.0 = AppStore|iPhone
		{352D6D69-8344-4B15-ACA7-77D2C9B7A48C}.AppStore|iPhone.ActiveCfg = AppStore|iPhone
		{352D6D69-8344-4B15-ACA7-77D2C9B7A48C}.AppStore|iPhone.Build.0 = AppStore|iPhone
		{352D6D69-8344-4B15-ACA7-77D2C9B7A48C}.AppStore|iPhone.Deploy.0 = AppStore|iPhone
		{352D6D69-8344-4B15-ACA7-77D2C9B7A48C}.AppStore|iPhoneSimulator.ActiveCfg = AppStore|iPhoneSimulator
		{352D6D69-8344-4B15-ACA7-77D2C9B7A48C}.AppStore|iPhoneSimulator.Build.0 = AppStore|iPhoneSimulator
		{352D6D69-8344-4B15-ACA7-77D2C9B7A48C}.AppStore|iPhoneSimulator.Deploy.0 = AppStore|iPhoneSimulator
		{352D6D69-8344-4B15-ACA7-77D2C9B7A48C}.AppStore|x64.ActiveCfg = AppStore|iPhone
		{352D6D69-8344-4B15-ACA7-77D2C9B7A48C}.AppStore|x64.Build.0 = AppStore|iPhone
		{352D6D69-8344-4B15-ACA7-77D2C9B7A48C}.AppStore|x64.Deploy.0 = AppStore|iPhone
		{352D6D69-8344-4B15-ACA7-77D2C9B7A48C}.AppStore|x86.ActiveCfg = AppStore|iPhone
		{352D6D69-8344-4B15-ACA7-77D2C9B7A48C}.AppStore|x86.Build.0 = AppStore|iPhone
		{352D6D69-8344-4B15-ACA7-77D2C9B7A48C}.AppStore|x86.Deploy.0 = AppStore|iPhone
		{352D6D69-8344-4B15-ACA7-77D2C9B7A48C}.Debug|Any CPU.ActiveCfg = Debug|iPhoneSimulator
		{352D6D69-8344-4B15-ACA7-77D2C9B7A48C}.Debug|Any CPU.Build.0 = Debug|iPhoneSimulator
		{352D6D69-8344-4B15-ACA7-77D2C9B7A48C}.Debug|Any CPU.Deploy.0 = Debug|iPhoneSimulator
		{352D6D69-8344-4B15-ACA7-77D2C9B7A48C}.Debug|ARM.ActiveCfg = Debug|iPhone
		{352D6D69-8344-4B15-ACA7-77D2C9B7A48C}.Debug|ARM.Build.0 = Debug|iPhone
		{352D6D69-8344-4B15-ACA7-77D2C9B7A48C}.Debug|ARM.Deploy.0 = Debug|iPhone
		{352D6D69-8344-4B15-ACA7-77D2C9B7A48C}.Debug|iPhone.ActiveCfg = Debug|iPhone
		{352D6D69-8344-4B15-ACA7-77D2C9B7A48C}.Debug|iPhone.Build.0 = Debug|iPhone
		{352D6D69-8344-4B15-ACA7-77D2C9B7A48C}.Debug|iPhone.Deploy.0 = Debug|iPhone
		{352D6D69-8344-4B15-ACA7-77D2C9B7A48C}.Debug|iPhoneSimulator.ActiveCfg = Debug|iPhoneSimulator
		{352D6D69-8344-4B15-ACA7-77D2C9B7A48C}.Debug|iPhoneSimulator.Build.0 = Debug|iPhoneSimulator
		{352D6D69-8344-4B15-ACA7-77D2C9B7A48C}.Debug|iPhoneSimulator.Deploy.0 = Debug|iPhoneSimulator
		{352D6D69-8344-4B15-ACA7-77D2C9B7A48C}.Debug|x64.ActiveCfg = Debug|iPhone
		{352D6D69-8344-4B15-ACA7-77D2C9B7A48C}.Debug|x64.Build.0 = Debug|iPhone
		{352D6D69-8344-4B15-ACA7-77D2C9B7A48C}.Debug|x64.Deploy.0 = Debug|iPhone
		{352D6D69-8344-4B15-ACA7-77D2C9B7A48C}.Debug|x86.ActiveCfg = Debug|iPhone
		{352D6D69-8344-4B15-ACA7-77D2C9B7A48C}.Debug|x86.Build.0 = Debug|iPhone
		{352D6D69-8344-4B15-ACA7-77D2C9B7A48C}.Debug|x86.Deploy.0 = Debug|iPhone
		{352D6D69-8344-4B15-ACA7-77D2C9B7A48C}.Release|Any CPU.ActiveCfg = Release|iPhone
		{352D6D69-8344-4B15-ACA7-77D2C9B7A48C}.Release|Any CPU.Build.0 = Release|iPhone
		{352D6D69-8344-4B15-ACA7-77D2C9B7A48C}.Release|Any CPU.Deploy.0 = Release|iPhone
		{352D6D69-8344-4B15-ACA7-77D2C9B7A48C}.Release|ARM.ActiveCfg = Release|iPhone
		{352D6D69-8344-4B15-ACA7-77D2C9B7A48C}.Release|ARM.Build.0 = Release|iPhone
		{352D6D69-8344-4B15-ACA7-77D2C9B7A48C}.Release|ARM.Deploy.0 = Release|iPhone
		{352D6D69-8344-4B15-ACA7-77D2C9B7A48C}.Release|iPhone.ActiveCfg = Release|iPhone
		{352D6D69-8344-4B15-ACA7-77D2C9B7A48C}.Release|iPhone.Build.0 = Release|iPhone
		{352D6D69-8344-4B15-ACA7-77D2C9B7A48C}.Release|iPhone.Deploy.0 = Release|iPhone
		{352D6D69-8344-4B15-ACA7-77D2C9B7A48C}.Release|iPhoneSimulator.ActiveCfg = Release|iPhoneSimulator
		{352D6D69-8344-4B15-ACA7-77D2C9B7A48C}.Release|iPhoneSimulator.Build.0 = Release|iPhoneSimulator
		{352D6D69-8344-4B15-ACA7-77D2C9B7A48C}.Release|iPhoneSimulator.Deploy.0 = Release|iPhoneSimulator
		{352D6D69-8344-4B15-ACA7-77D2C9B7A48C}.Release|x64.ActiveCfg = Release|iPhone
		{352D6D69-8344-4B15-ACA7-77D2C9B7A48C}.Release|x64.Build.0 = Release|iPhone
		{352D6D69-8344-4B15-ACA7-77D2C9B7A48C}.Release|x64.Deploy.0 = Release|iPhone
		{352D6D69-8344-4B15-ACA7-77D2C9B7A48C}.Release|x86.ActiveCfg = Release|iPhone
		{352D6D69-8344-4B15-ACA7-77D2C9B7A48C}.Release|x86.Build.0 = Release|iPhone
		{352D6D69-8344-4B15-ACA7-77D2C9B7A48C}.Release|x86.Deploy.0 = Release|iPhone
		{A1DE90D6-F66C-47F2-9BDE-DD71243CC514}.Ad-Hoc|Any CPU.ActiveCfg = Release|x86
		{A1DE90D6-F66C-47F2-9BDE-DD71243CC514}.Ad-Hoc|Any CPU.Build.0 = Release|x86
		{A1DE90D6-F66C-47F2-9BDE-DD71243CC514}.Ad-Hoc|Any CPU.Deploy.0 = Release|x86
		{A1DE90D6-F66C-47F2-9BDE-DD71243CC514}.Ad-Hoc|ARM.ActiveCfg = Release|ARM
		{A1DE90D6-F66C-47F2-9BDE-DD71243CC514}.Ad-Hoc|ARM.Build.0 = Release|ARM
		{A1DE90D6-F66C-47F2-9BDE-DD71243CC514}.Ad-Hoc|ARM.Deploy.0 = Release|ARM
		{A1DE90D6-F66C-47F2-9BDE-DD71243CC514}.Ad-Hoc|iPhone.ActiveCfg = Release|x86
		{A1DE90D6-F66C-47F2-9BDE-DD71243CC514}.Ad-Hoc|iPhone.Build.0 = Release|x86
		{A1DE90D6-F66C-47F2-9BDE-DD71243CC514}.Ad-Hoc|iPhone.Deploy.0 = Release|x86
		{A1DE90D6-F66C-47F2-9BDE-DD71243CC514}.Ad-Hoc|iPhoneSimulator.ActiveCfg = Release|x86
		{A1DE90D6-F66C-47F2-9BDE-DD71243CC514}.Ad-Hoc|iPhoneSimulator.Build.0 = Release|x86
		{A1DE90D6-F66C-47F2-9BDE-DD71243CC514}.Ad-Hoc|iPhoneSimulator.Deploy.0 = Release|x86
		{A1DE90D6-F66C-47F2-9BDE-DD71243CC514}.Ad-Hoc|x64.ActiveCfg = Release|x64
		{A1DE90D6-F66C-47F2-9BDE-DD71243CC514}.Ad-Hoc|x64.Build.0 = Release|x64
		{A1DE90D6-F66C-47F2-9BDE-DD71243CC514}.Ad-Hoc|x64.Deploy.0 = Release|x64
		{A1DE90D6-F66C-47F2-9BDE-DD71243CC514}.Ad-Hoc|x86.ActiveCfg = Release|x86
		{A1DE90D6-F66C-47F2-9BDE-DD71243CC514}.Ad-Hoc|x86.Build.0 = Release|x86
		{A1DE90D6-F66C-47F2-9BDE-DD71243CC514}.Ad-Hoc|x86.Deploy.0 = Release|x86
		{A1DE90D6-F66C-47F2-9BDE-DD71243CC514}.AppStore|Any CPU.ActiveCfg = Release|x86
		{A1DE90D6-F66C-47F2-9BDE-DD71243CC514}.AppStore|Any CPU.Build.0 = Release|x86
		{A1DE90D6-F66C-47F2-9BDE-DD71243CC514}.AppStore|Any CPU.Deploy.0 = Release|x86
		{A1DE90D6-F66C-47F2-9BDE-DD71243CC514}.AppStore|ARM.ActiveCfg = Release|ARM
		{A1DE90D6-F66C-47F2-9BDE-DD71243CC514}.AppStore|ARM.Build.0 = Release|ARM
		{A1DE90D6-F66C-47F2-9BDE-DD71243CC514}.AppStore|ARM.Deploy.0 = Release|ARM
		{A1DE90D6-F66C-47F2-9BDE-DD71243CC514}.AppStore|iPhone.ActiveCfg = Release|x86
		{A1DE90D6-F66C-47F2-9BDE-DD71243CC514}.AppStore|iPhone.Build.0 = Release|x86
		{A1DE90D6-F66C-47F2-9BDE-DD71243CC514}.AppStore|iPhone.Deploy.0 = Release|x86
		{A1DE90D6-F66C-47F2-9BDE-DD71243CC514}.AppStore|iPhoneSimulator.ActiveCfg = Release|x86
		{A1DE90D6-F66C-47F2-9BDE-DD71243CC514}.AppStore|iPhoneSimulator.Build.0 = Release|x86
		{A1DE90D6-F66C-47F2-9BDE-DD71243CC514}.AppStore|iPhoneSimulator.Deploy.0 = Release|x86
		{A1DE90D6-F66C-47F2-9BDE-DD71243CC514}.AppStore|x64.ActiveCfg = Release|x64
		{A1DE90D6-F66C-47F2-9BDE-DD71243CC514}.AppStore|x64.Build.0 = Release|x64
		{A1DE90D6-F66C-47F2-9BDE-DD71243CC514}.AppStore|x64.Deploy.0 = Release|x64
		{A1DE90D6-F66C-47F2-9BDE-DD71243CC514}.AppStore|x86.ActiveCfg = Release|x86
		{A1DE90D6-F66C-47F2-9BDE-DD71243CC514}.AppStore|x86.Build.0 = Release|x86
		{A1DE90D6-F66C-47F2-9BDE-DD71243CC514}.AppStore|x86.Deploy.0 = Release|x86
		{A1DE90D6-F66C-47F2-9BDE-DD71243CC514}.Debug|Any CPU.ActiveCfg = Debug|x86
		{A1DE90D6-F66C-47F2-9BDE-DD71243CC514}.Debug|Any CPU.Build.0 = Debug|x86
		{A1DE90D6-F66C-47F2-9BDE-DD71243CC514}.Debug|Any CPU.Deploy.0 = Debug|x86
		{A1DE90D6-F66C-47F2-9BDE-DD71243CC514}.Debug|ARM.ActiveCfg = Debug|ARM
		{A1DE90D6-F66C-47F2-9BDE-DD71243CC514}.Debug|ARM.Build.0 = Debug|ARM
		{A1DE90D6-F66C-47F2-9BDE-DD71243CC514}.Debug|ARM.Deploy.0 = Debug|ARM
		{A1DE90D6-F66C-47F2-9BDE-DD71243CC514}.Debug|iPhone.ActiveCfg = Debug|x86
		{A1DE90D6-F66C-47F2-9BDE-DD71243CC514}.Debug|iPhone.Build.0 = Debug|x86
		{A1DE90D6-F66C-47F2-9BDE-DD71243CC514}.Debug|iPhone.Deploy.0 = Debug|x86
		{A1DE90D6-F66C-47F2-9BDE-DD71243CC514}.Debug|iPhoneSimulator.ActiveCfg = Debug|x86
		{A1DE90D6-F66C-47F2-9BDE-DD71243CC514}.Debug|iPhoneSimulator.Build.0 = Debug|x86
		{A1DE90D6-F66C-47F2-9BDE-DD71243CC514}.Debug|iPhoneSimulator.Deploy.0 = Debug|x86
		{A1DE90D6-F66C-47F2-9BDE-DD71243CC514}.Debug|x64.ActiveCfg = Debug|x64
		{A1DE90D6-F66C-47F2-9BDE-DD71243CC514}.Debug|x64.Build.0 = Debug|x64
		{A1DE90D6-F66C-47F2-9BDE-DD71243CC514}.Debug|x64.Deploy.0 = Debug|x64
		{A1DE90D6-F66C-47F2-9BDE-DD71243CC514}.Debug|x86.ActiveCfg = Debug|x86
		{A1DE90D6-F66C-47F2-9BDE-DD71243CC514}.Debug|x86.Build.0 = Debug|x86
		{A1DE90D6-F66C-47F2-9BDE-DD71243CC514}.Debug|x86.Deploy.0 = Debug|x86
		{A1DE90D6-F66C-47F2-9BDE-DD71243CC514}.Release|Any CPU.ActiveCfg = Release|x86
		{A1DE90D6-F66C-47F2-9BDE-DD71243CC514}.Release|Any CPU.Build.0 = Release|x86
		{A1DE90D6-F66C-47F2-9BDE-DD71243CC514}.Release|Any CPU.Deploy.0 = Release|x86
		{A1DE90D6-F66C-47F2-9BDE-DD71243CC514}.Release|ARM.ActiveCfg = Release|ARM
		{A1DE90D6-F66C-47F2-9BDE-DD71243CC514}.Release|ARM.Build.0 = Release|ARM
		{A1DE90D6-F66C-47F2-9BDE-DD71243CC514}.Release|ARM.Deploy.0 = Release|ARM
		{A1DE90D6-F66C-47F2-9BDE-DD71243CC514}.Release|iPhone.ActiveCfg = Release|x86
		{A1DE90D6-F66C-47F2-9BDE-DD71243CC514}.Release|iPhone.Build.0 = Release|x86
		{A1DE90D6-F66C-47F2-9BDE-DD71243CC514}.Release|iPhone.Deploy.0 = Release|x86
		{A1DE90D6-F66C-47F2-9BDE-DD71243CC514}.Release|iPhoneSimulator.ActiveCfg = Release|x86
		{A1DE90D6-F66C-47F2-9BDE-DD71243CC514}.Release|iPhoneSimulator.Build.0 = Release|x86
		{A1DE90D6-F66C-47F2-9BDE-DD71243CC514}.Release|iPhoneSimulator.Deploy.0 = Release|x86
		{A1DE90D6-F66C-47F2-9BDE-DD71243CC514}.Release|x64.ActiveCfg = Release|x64
		{A1DE90D6-F66C-47F2-9BDE-DD71243CC514}.Release|x64.Build.0 = Release|x64
		{A1DE90D6-F66C-47F2-9BDE-DD71243CC514}.Release|x64.Deploy.0 = Release|x64
		{A1DE90D6-F66C-47F2-9BDE-DD71243CC514}.Release|x86.ActiveCfg = Release|x86
		{A1DE90D6-F66C-47F2-9BDE-DD71243CC514}.Release|x86.Build.0 = Release|x86
		{A1DE90D6-F66C-47F2-9BDE-DD71243CC514}.Release|x86.Deploy.0 = Release|x86
		{CF7B3BCB-AC78-478D-B1F0-5B4C0CACB810}.Ad-Hoc|Any CPU.ActiveCfg = Debug|Any CPU
		{CF7B3BCB-AC78-478D-B1F0-5B4C0CACB810}.Ad-Hoc|Any CPU.Build.0 = Debug|Any CPU
		{CF7B3BCB-AC78-478D-B1F0-5B4C0CACB810}.Ad-Hoc|Any CPU.Deploy.0 = Debug|Any CPU
		{CF7B3BCB-AC78-478D-B1F0-5B4C0CACB810}.Ad-Hoc|ARM.ActiveCfg = Debug|Any CPU
		{CF7B3BCB-AC78-478D-B1F0-5B4C0CACB810}.Ad-Hoc|ARM.Build.0 = Debug|Any CPU
		{CF7B3BCB-AC78-478D-B1F0-5B4C0CACB810}.Ad-Hoc|ARM.Deploy.0 = Debug|Any CPU
		{CF7B3BCB-AC78-478D-B1F0-5B4C0CACB810}.Ad-Hoc|iPhone.ActiveCfg = Debug|Any CPU
		{CF7B3BCB-AC78-478D-B1F0-5B4C0CACB810}.Ad-Hoc|iPhone.Build.0 = Debug|Any CPU
		{CF7B3BCB-AC78-478D-B1F0-5B4C0CACB810}.Ad-Hoc|iPhone.Deploy.0 = Debug|Any CPU
		{CF7B3BCB-AC78-478D-B1F0-5B4C0CACB810}.Ad-Hoc|iPhoneSimulator.ActiveCfg = Debug|Any CPU
		{CF7B3BCB-AC78-478D-B1F0-5B4C0CACB810}.Ad-Hoc|iPhoneSimulator.Build.0 = Debug|Any CPU
		{CF7B3BCB-AC78-478D-B1F0-5B4C0CACB810}.Ad-Hoc|iPhoneSimulator.Deploy.0 = Debug|Any CPU
		{CF7B3BCB-AC78-478D-B1F0-5B4C0CACB810}.Ad-Hoc|x64.ActiveCfg = Debug|Any CPU
		{CF7B3BCB-AC78-478D-B1F0-5B4C0CACB810}.Ad-Hoc|x64.Build.0 = Debug|Any CPU
		{CF7B3BCB-AC78-478D-B1F0-5B4C0CACB810}.Ad-Hoc|x64.Deploy.0 = Debug|Any CPU
		{CF7B3BCB-AC78-478D-B1F0-5B4C0CACB810}.Ad-Hoc|x86.ActiveCfg = Debug|Any CPU
		{CF7B3BCB-AC78-478D-B1F0-5B4C0CACB810}.Ad-Hoc|x86.Build.0 = Debug|Any CPU
		{CF7B3BCB-AC78-478D-B1F0-5B4C0CACB810}.Ad-Hoc|x86.Deploy.0 = Debug|Any CPU
		{CF7B3BCB-AC78-478D-B1F0-5B4C0CACB810}.AppStore|Any CPU.ActiveCfg = Debug|Any CPU
		{CF7B3BCB-AC78-478D-B1F0-5B4C0CACB810}.AppStore|Any CPU.Build.0 = Debug|Any CPU
		{CF7B3BCB-AC78-478D-B1F0-5B4C0CACB810}.AppStore|Any CPU.Deploy.0 = Debug|Any CPU
		{CF7B3BCB-AC78-478D-B1F0-5B4C0CACB810}.AppStore|ARM.ActiveCfg = Debug|Any CPU
		{CF7B3BCB-AC78-478D-B1F0-5B4C0CACB810}.AppStore|ARM.Build.0 = Debug|Any CPU
		{CF7B3BCB-AC78-478D-B1F0-5B4C0CACB810}.AppStore|ARM.Deploy.0 = Debug|Any CPU
		{CF7B3BCB-AC78-478D-B1F0-5B4C0CACB810}.AppStore|iPhone.ActiveCfg = Debug|Any CPU
		{CF7B3BCB-AC78-478D-B1F0-5B4C0CACB810}.AppStore|iPhone.Build.0 = Debug|Any CPU
		{CF7B3BCB-AC78-478D-B1F0-5B4C0CACB810}.AppStore|iPhone.Deploy.0 = Debug|Any CPU
		{CF7B3BCB-AC78-478D-B1F0-5B4C0CACB810}.AppStore|iPhoneSimulator.ActiveCfg = Debug|Any CPU
		{CF7B3BCB-AC78-478D-B1F0-5B4C0CACB810}.AppStore|iPhoneSimulator.Build.0 = Debug|Any CPU
		{CF7B3BCB-AC78-478D-B1F0-5B4C0CACB810}.AppStore|iPhoneSimulator.Deploy.0 = Debug|Any CPU
		{CF7B3BCB-AC78-478D-B1F0-5B4C0CACB810}.AppStore|x64.ActiveCfg = Debug|Any CPU
		{CF7B3BCB-AC78-478D-B1F0-5B4C0CACB810}.AppStore|x64.Build.0 = Debug|Any CPU
		{CF7B3BCB-AC78-478D-B1F0-5B4C0CACB810}.AppStore|x64.Deploy.0 = Debug|Any CPU
		{CF7B3BCB-AC78-478D-B1F0-5B4C0CACB810}.AppStore|x86.ActiveCfg = Debug|Any CPU
		{CF7B3BCB-AC78-478D-B1F0-5B4C0CACB810}.AppStore|x86.Build.0 = Debug|Any CPU
		{CF7B3BCB-AC78-478D-B1F0-5B4C0CACB810}.AppStore|x86.Deploy.0 = Debug|Any CPU
		{CF7B3BCB-AC78-478D-B1F0-5B4C0CACB810}.Debug|Any CPU.ActiveCfg = Debug|Any CPU
		{CF7B3BCB-AC78-478D-B1F0-5B4C0CACB810}.Debug|Any CPU.Build.0 = Debug|Any CPU
		{CF7B3BCB-AC78-478D-B1F0-5B4C0CACB810}.Debug|Any CPU.Deploy.0 = Debug|Any CPU
		{CF7B3BCB-AC78-478D-B1F0-5B4C0CACB810}.Debug|ARM.ActiveCfg = Debug|Any CPU
		{CF7B3BCB-AC78-478D-B1F0-5B4C0CACB810}.Debug|ARM.Build.0 = Debug|Any CPU
		{CF7B3BCB-AC78-478D-B1F0-5B4C0CACB810}.Debug|ARM.Deploy.0 = Debug|Any CPU
		{CF7B3BCB-AC78-478D-B1F0-5B4C0CACB810}.Debug|iPhone.ActiveCfg = Debug|Any CPU
		{CF7B3BCB-AC78-478D-B1F0-5B4C0CACB810}.Debug|iPhone.Build.0 = Debug|Any CPU
		{CF7B3BCB-AC78-478D-B1F0-5B4C0CACB810}.Debug|iPhone.Deploy.0 = Debug|Any CPU
		{CF7B3BCB-AC78-478D-B1F0-5B4C0CACB810}.Debug|iPhoneSimulator.ActiveCfg = Debug|Any CPU
		{CF7B3BCB-AC78-478D-B1F0-5B4C0CACB810}.Debug|iPhoneSimulator.Build.0 = Debug|Any CPU
		{CF7B3BCB-AC78-478D-B1F0-5B4C0CACB810}.Debug|iPhoneSimulator.Deploy.0 = Debug|Any CPU
		{CF7B3BCB-AC78-478D-B1F0-5B4C0CACB810}.Debug|x64.ActiveCfg = Debug|Any CPU
		{CF7B3BCB-AC78-478D-B1F0-5B4C0CACB810}.Debug|x64.Build.0 = Debug|Any CPU
		{CF7B3BCB-AC78-478D-B1F0-5B4C0CACB810}.Debug|x64.Deploy.0 = Debug|Any CPU
		{CF7B3BCB-AC78-478D-B1F0-5B4C0CACB810}.Debug|x86.ActiveCfg = Debug|Any CPU
		{CF7B3BCB-AC78-478D-B1F0-5B4C0CACB810}.Debug|x86.Build.0 = Debug|Any CPU
		{CF7B3BCB-AC78-478D-B1F0-5B4C0CACB810}.Debug|x86.Deploy.0 = Debug|Any CPU
		{CF7B3BCB-AC78-478D-B1F0-5B4C0CACB810}.Release|Any CPU.ActiveCfg = Release|Any CPU
		{CF7B3BCB-AC78-478D-B1F0-5B4C0CACB810}.Release|Any CPU.Build.0 = Release|Any CPU
		{CF7B3BCB-AC78-478D-B1F0-5B4C0CACB810}.Release|Any CPU.Deploy.0 = Release|Any CPU
		{CF7B3BCB-AC78-478D-B1F0-5B4C0CACB810}.Release|ARM.ActiveCfg = Release|Any CPU
		{CF7B3BCB-AC78-478D-B1F0-5B4C0CACB810}.Release|ARM.Build.0 = Release|Any CPU
		{CF7B3BCB-AC78-478D-B1F0-5B4C0CACB810}.Release|ARM.Deploy.0 = Release|Any CPU
		{CF7B3BCB-AC78-478D-B1F0-5B4C0CACB810}.Release|iPhone.ActiveCfg = Release|Any CPU
		{CF7B3BCB-AC78-478D-B1F0-5B4C0CACB810}.Release|iPhone.Build.0 = Release|Any CPU
		{CF7B3BCB-AC78-478D-B1F0-5B4C0CACB810}.Release|iPhone.Deploy.0 = Release|Any CPU
		{CF7B3BCB-AC78-478D-B1F0-5B4C0CACB810}.Release|iPhoneSimulator.ActiveCfg = Release|Any CPU
		{CF7B3BCB-AC78-478D-B1F0-5B4C0CACB810}.Release|iPhoneSimulator.Build.0 = Release|Any CPU
		{CF7B3BCB-AC78-478D-B1F0-5B4C0CACB810}.Release|iPhoneSimulator.Deploy.0 = Release|Any CPU
		{CF7B3BCB-AC78-478D-B1F0-5B4C0CACB810}.Release|x64.ActiveCfg = Release|Any CPU
		{CF7B3BCB-AC78-478D-B1F0-5B4C0CACB810}.Release|x64.Build.0 = Release|Any CPU
		{CF7B3BCB-AC78-478D-B1F0-5B4C0CACB810}.Release|x64.Deploy.0 = Release|Any CPU
		{CF7B3BCB-AC78-478D-B1F0-5B4C0CACB810}.Release|x86.ActiveCfg = Release|Any CPU
		{CF7B3BCB-AC78-478D-B1F0-5B4C0CACB810}.Release|x86.Build.0 = Release|Any CPU
		{CF7B3BCB-AC78-478D-B1F0-5B4C0CACB810}.Release|x86.Deploy.0 = Release|Any CPU
	EndGlobalSection
	GlobalSection(SolutionProperties) = preSolution
		HideSolutionNode = FALSE
	EndGlobalSection
	GlobalSection(ExtensibilityGlobals) = postSolution
		SolutionGuid = {0456C63E-CBFF-457D-834E-8C947AB23844}
	EndGlobalSection
EndGlobal
